// !$*UTF8*$!
{
	archiveVersion = 1;
	classes = {
	};
	objectVersion = 55;
	objects = {

/* Begin PBXBuildFile section */
		30272BE703DEE66BC250937F /* Pods_HomePage.framework in Frameworks */ = {isa = PBXBuildFile; fileRef = 229D2A4FA61AD10D520FE890 /* Pods_HomePage.framework */; };
		E8282572292EAC0300720440 /* Core.framework in Copy Frameworks */ = {isa = PBXBuildFile; fileRef = E8282571292EAC0300720440 /* Core.framework */; settings = {ATTRIBUTES = (CodeSignOnCopy, RemoveHeadersOnCopy, ); }; };
		E8282575292EAF0200720440 /* HomePageOpener.swift in Sources */ = {isa = PBXBuildFile; fileRef = E8282574292EAF0200720440 /* HomePageOpener.swift */; };
		E84C80AD292E1FE900B7A882 /* HomePage.framework in Frameworks */ = {isa = PBXBuildFile; fileRef = E84C80A2292E1FE800B7A882 /* HomePage.framework */; };
		E84C80B2292E1FE900B7A882 /* HomePageTests.swift in Sources */ = {isa = PBXBuildFile; fileRef = E84C80B1292E1FE900B7A882 /* HomePageTests.swift */; };
		E8F3AD95292E2326007E5602 /* HomePageViewController.swift in Sources */ = {isa = PBXBuildFile; fileRef = E8F3AD94292E2326007E5602 /* HomePageViewController.swift */; };
		E8F3AD97292E2337007E5602 /* HomePageView.storyboard in Resources */ = {isa = PBXBuildFile; fileRef = E8F3AD96292E2337007E5602 /* HomePageView.storyboard */; };
/* End PBXBuildFile section */

/* Begin PBXContainerItemProxy section */
		E84C80AE292E1FE900B7A882 /* PBXContainerItemProxy */ = {
			isa = PBXContainerItemProxy;
			containerPortal = E84C8099292E1FE800B7A882 /* Project object */;
			proxyType = 1;
			remoteGlobalIDString = E84C80A1292E1FE800B7A882;
			remoteInfo = HomePage;
		};
/* End PBXContainerItemProxy section */

/* Begin PBXCopyFilesBuildPhase section */
		E8282570292EABF700720440 /* Copy Frameworks */ = {
			isa = PBXCopyFilesBuildPhase;
			buildActionMask = 2147483647;
			dstPath = "";
			dstSubfolderSpec = 10;
			files = (
				E8282572292EAC0300720440 /* Core.framework in Copy Frameworks */,
			);
			name = "Copy Frameworks";
			runOnlyForDeploymentPostprocessing = 0;
		};
/* End PBXCopyFilesBuildPhase section */

/* Begin PBXFileReference section */
		229D2A4FA61AD10D520FE890 /* Pods_HomePage.framework */ = {isa = PBXFileReference; explicitFileType = wrapper.framework; includeInIndex = 0; path = Pods_HomePage.framework; sourceTree = BUILT_PRODUCTS_DIR; };
		8A0469AD2D3291499ED07C36 /* Pods-HomePage.debug.xcconfig */ = {isa = PBXFileReference; includeInIndex = 1; lastKnownFileType = text.xcconfig; name = "Pods-HomePage.debug.xcconfig"; path = "Target Support Files/Pods-HomePage/Pods-HomePage.debug.xcconfig"; sourceTree = "<group>"; };
		B2462277978B1DD676B32886 /* Pods-HomePage.release.xcconfig */ = {isa = PBXFileReference; includeInIndex = 1; lastKnownFileType = text.xcconfig; name = "Pods-HomePage.release.xcconfig"; path = "Target Support Files/Pods-HomePage/Pods-HomePage.release.xcconfig"; sourceTree = "<group>"; };
		E8282571292EAC0300720440 /* Core.framework */ = {isa = PBXFileReference; lastKnownFileType = wrapper.framework; name = Core.framework; path = "../../../../../Library/Developer/Xcode/DerivedData/MockLineMan-ahvmmgeddypcnffqyahrkohpqcxn/Build/Products/Debug-iphonesimulator/Core.framework"; sourceTree = "<group>"; };
		E8282574292EAF0200720440 /* HomePageOpener.swift */ = {isa = PBXFileReference; lastKnownFileType = sourcecode.swift; path = HomePageOpener.swift; sourceTree = "<group>"; };
		E84C80A2292E1FE800B7A882 /* HomePage.framework */ = {isa = PBXFileReference; explicitFileType = wrapper.framework; includeInIndex = 0; path = HomePage.framework; sourceTree = BUILT_PRODUCTS_DIR; };
		E84C80AC292E1FE900B7A882 /* HomePageTests.xctest */ = {isa = PBXFileReference; explicitFileType = wrapper.cfbundle; includeInIndex = 0; path = HomePageTests.xctest; sourceTree = BUILT_PRODUCTS_DIR; };
		E84C80B1292E1FE900B7A882 /* HomePageTests.swift */ = {isa = PBXFileReference; lastKnownFileType = sourcecode.swift; path = HomePageTests.swift; sourceTree = "<group>"; };
		E8F3AD94292E2326007E5602 /* HomePageViewController.swift */ = {isa = PBXFileReference; lastKnownFileType = sourcecode.swift; path = HomePageViewController.swift; sourceTree = "<group>"; };
		E8F3AD96292E2337007E5602 /* HomePageView.storyboard */ = {isa = PBXFileReference; lastKnownFileType = file.storyboard; path = HomePageView.storyboard; sourceTree = "<group>"; };
/* End PBXFileReference section */

/* Begin PBXFrameworksBuildPhase section */
		E84C809F292E1FE800B7A882 /* Frameworks */ = {
			isa = PBXFrameworksBuildPhase;
			buildActionMask = 2147483647;
			files = (
				30272BE703DEE66BC250937F /* Pods_HomePage.framework in Frameworks */,
			);
			runOnlyForDeploymentPostprocessing = 0;
		};
		E84C80A9292E1FE900B7A882 /* Frameworks */ = {
			isa = PBXFrameworksBuildPhase;
			buildActionMask = 2147483647;
			files = (
				E84C80AD292E1FE900B7A882 /* HomePage.framework in Frameworks */,
			);
			runOnlyForDeploymentPostprocessing = 0;
		};
/* End PBXFrameworksBuildPhase section */

/* Begin PBXGroup section */
		55DAD4A3BB3695B923AAA0BC /* Frameworks */ = {
			isa = PBXGroup;
			children = (
				229D2A4FA61AD10D520FE890 /* Pods_HomePage.framework */,
			);
			name = Frameworks;
			sourceTree = "<group>";
		};
		B6DEC77B08BF75CAFE24472A /* Pods */ = {
			isa = PBXGroup;
			children = (
				8A0469AD2D3291499ED07C36 /* Pods-HomePage.debug.xcconfig */,
				B2462277978B1DD676B32886 /* Pods-HomePage.release.xcconfig */,
			);
			name = Pods;
			path = ../../Pods;
			sourceTree = "<group>";
		};
		E8282573292EAEF300720440 /* Navigation */ = {
			isa = PBXGroup;
			children = (
				E8282574292EAF0200720440 /* HomePageOpener.swift */,
			);
			path = Navigation;
			sourceTree = "<group>";
		};
		E84C8098292E1FE800B7A882 = {
			isa = PBXGroup;
			children = (
				E8282571292EAC0300720440 /* Core.framework */,
				E84C80A4292E1FE800B7A882 /* HomePage */,
				E84C80B0292E1FE900B7A882 /* HomePageTests */,
				E84C80A3292E1FE800B7A882 /* Products */,
				B6DEC77B08BF75CAFE24472A /* Pods */,
				55DAD4A3BB3695B923AAA0BC /* Frameworks */,
			);
			sourceTree = "<group>";
		};
		E84C80A3292E1FE800B7A882 /* Products */ = {
			isa = PBXGroup;
			children = (
				E84C80A2292E1FE800B7A882 /* HomePage.framework */,
				E84C80AC292E1FE900B7A882 /* HomePageTests.xctest */,
			);
			name = Products;
			sourceTree = "<group>";
		};
		E84C80A4292E1FE800B7A882 /* HomePage */ = {
			isa = PBXGroup;
			children = (
				E8282573292EAEF300720440 /* Navigation */,
				E8F3AD90292E227A007E5602 /* Scenes */,
			);
			path = HomePage;
			sourceTree = "<group>";
		};
		E84C80B0292E1FE900B7A882 /* HomePageTests */ = {
			isa = PBXGroup;
			children = (
				E84C80B1292E1FE900B7A882 /* HomePageTests.swift */,
			);
			path = HomePageTests;
			sourceTree = "<group>";
		};
		E8F3AD90292E227A007E5602 /* Scenes */ = {
			isa = PBXGroup;
			children = (
				E8F3AD91292E22F8007E5602 /* HomePage */,
			);
			path = Scenes;
			sourceTree = "<group>";
		};
		E8F3AD91292E22F8007E5602 /* HomePage */ = {
			isa = PBXGroup;
			children = (
				E8F3AD93292E2316007E5602 /* ViewController */,
				E8F3AD92292E2311007E5602 /* View */,
			);
			path = HomePage;
			sourceTree = "<group>";
		};
		E8F3AD92292E2311007E5602 /* View */ = {
			isa = PBXGroup;
			children = (
				E8F3AD96292E2337007E5602 /* HomePageView.storyboard */,
			);
			path = View;
			sourceTree = "<group>";
		};
		E8F3AD93292E2316007E5602 /* ViewController */ = {
			isa = PBXGroup;
			children = (
				E8F3AD94292E2326007E5602 /* HomePageViewController.swift */,
			);
			path = ViewController;
			sourceTree = "<group>";
		};
/* End PBXGroup section */

/* Begin PBXHeadersBuildPhase section */
		E84C809D292E1FE800B7A882 /* Headers */ = {
			isa = PBXHeadersBuildPhase;
			buildActionMask = 2147483647;
			files = (
			);
			runOnlyForDeploymentPostprocessing = 0;
		};
/* End PBXHeadersBuildPhase section */

/* Begin PBXNativeTarget section */
		E84C80A1292E1FE800B7A882 /* HomePage */ = {
			isa = PBXNativeTarget;
			buildConfigurationList = E84C80B6292E1FE900B7A882 /* Build configuration list for PBXNativeTarget "HomePage" */;
			buildPhases = (
				FD668CCA2C2C5BF2FAEB3D5A /* [CP] Check Pods Manifest.lock */,
				E84C809D292E1FE800B7A882 /* Headers */,
				E84C809E292E1FE800B7A882 /* Sources */,
				E84C809F292E1FE800B7A882 /* Frameworks */,
				E84C80A0292E1FE800B7A882 /* Resources */,
				E8282570292EABF700720440 /* Copy Frameworks */,
			);
			buildRules = (
			);
			dependencies = (
			);
			name = HomePage;
			productName = HomePage;
			productReference = E84C80A2292E1FE800B7A882 /* HomePage.framework */;
			productType = "com.apple.product-type.framework";
		};
		E84C80AB292E1FE900B7A882 /* HomePageTests */ = {
			isa = PBXNativeTarget;
			buildConfigurationList = E84C80B9292E1FE900B7A882 /* Build configuration list for PBXNativeTarget "HomePageTests" */;
			buildPhases = (
				E84C80A8292E1FE900B7A882 /* Sources */,
				E84C80A9292E1FE900B7A882 /* Frameworks */,
				E84C80AA292E1FE900B7A882 /* Resources */,
			);
			buildRules = (
			);
			dependencies = (
				E84C80AF292E1FE900B7A882 /* PBXTargetDependency */,
			);
			name = HomePageTests;
			productName = HomePageTests;
			productReference = E84C80AC292E1FE900B7A882 /* HomePageTests.xctest */;
			productType = "com.apple.product-type.bundle.unit-test";
		};
/* End PBXNativeTarget section */

/* Begin PBXProject section */
		E84C8099292E1FE800B7A882 /* Project object */ = {
			isa = PBXProject;
			attributes = {
				BuildIndependentTargetsInParallel = 1;
				LastSwiftUpdateCheck = 1330;
				LastUpgradeCheck = 1330;
				TargetAttributes = {
					E84C80A1292E1FE800B7A882 = {
						CreatedOnToolsVersion = 13.3.1;
						LastSwiftMigration = 1330;
					};
					E84C80AB292E1FE900B7A882 = {
						CreatedOnToolsVersion = 13.3.1;
					};
				};
			};
			buildConfigurationList = E84C809C292E1FE800B7A882 /* Build configuration list for PBXProject "HomePage" */;
			compatibilityVersion = "Xcode 13.0";
			developmentRegion = en;
			hasScannedForEncodings = 0;
			knownRegions = (
				en,
				Base,
			);
			mainGroup = E84C8098292E1FE800B7A882;
			productRefGroup = E84C80A3292E1FE800B7A882 /* Products */;
			projectDirPath = "";
			projectRoot = "";
			targets = (
				E84C80A1292E1FE800B7A882 /* HomePage */,
				E84C80AB292E1FE900B7A882 /* HomePageTests */,
			);
		};
/* End PBXProject section */

/* Begin PBXResourcesBuildPhase section */
		E84C80A0292E1FE800B7A882 /* Resources */ = {
			isa = PBXResourcesBuildPhase;
			buildActionMask = 2147483647;
			files = (
				E8F3AD97292E2337007E5602 /* HomePageView.storyboard in Resources */,
			);
			runOnlyForDeploymentPostprocessing = 0;
		};
		E84C80AA292E1FE900B7A882 /* Resources */ = {
			isa = PBXResourcesBuildPhase;
			buildActionMask = 2147483647;
			files = (
			);
			runOnlyForDeploymentPostprocessing = 0;
		};
/* End PBXResourcesBuildPhase section */

/* Begin PBXShellScriptBuildPhase section */
		FD668CCA2C2C5BF2FAEB3D5A /* [CP] Check Pods Manifest.lock */ = {
			isa = PBXShellScriptBuildPhase;
			buildActionMask = 2147483647;
			files = (
			);
			inputFileListPaths = (
			);
			inputPaths = (
				"${PODS_PODFILE_DIR_PATH}/Podfile.lock",
				"${PODS_ROOT}/Manifest.lock",
			);
			name = "[CP] Check Pods Manifest.lock";
			outputFileListPaths = (
			);
			outputPaths = (
				"$(DERIVED_FILE_DIR)/Pods-HomePage-checkManifestLockResult.txt",
			);
			runOnlyForDeploymentPostprocessing = 0;
			shellPath = /bin/sh;
			shellScript = "diff \"${PODS_PODFILE_DIR_PATH}/Podfile.lock\" \"${PODS_ROOT}/Manifest.lock\" > /dev/null\nif [ $? != 0 ] ; then\n    # print error to STDERR\n    echo \"error: The sandbox is not in sync with the Podfile.lock. Run 'pod install' or update your CocoaPods installation.\" >&2\n    exit 1\nfi\n# This output is used by Xcode 'outputs' to avoid re-running this script phase.\necho \"SUCCESS\" > \"${SCRIPT_OUTPUT_FILE_0}\"\n";
			showEnvVarsInLog = 0;
		};
/* End PBXShellScriptBuildPhase section */

/* Begin PBXSourcesBuildPhase section */
		E84C809E292E1FE800B7A882 /* Sources */ = {
			isa = PBXSourcesBuildPhase;
			buildActionMask = 2147483647;
			files = (
				E8282575292EAF0200720440 /* HomePageOpener.swift in Sources */,
				E8F3AD95292E2326007E5602 /* HomePageViewController.swift in Sources */,
			);
			runOnlyForDeploymentPostprocessing = 0;
		};
		E84C80A8292E1FE900B7A882 /* Sources */ = {
			isa = PBXSourcesBuildPhase;
			buildActionMask = 2147483647;
			files = (
				E84C80B2292E1FE900B7A882 /* HomePageTests.swift in Sources */,
			);
			runOnlyForDeploymentPostprocessing = 0;
		};
/* End PBXSourcesBuildPhase section */

/* Begin PBXTargetDependency section */
		E84C80AF292E1FE900B7A882 /* PBXTargetDependency */ = {
			isa = PBXTargetDependency;
			target = E84C80A1292E1FE800B7A882 /* HomePage */;
			targetProxy = E84C80AE292E1FE900B7A882 /* PBXContainerItemProxy */;
		};
/* End PBXTargetDependency section */

/* Begin XCBuildConfiguration section */
		E84C80B4292E1FE900B7A882 /* Debug */ = {
			isa = XCBuildConfiguration;
			buildSettings = {
				ALWAYS_SEARCH_USER_PATHS = NO;
				CLANG_ANALYZER_NONNULL = YES;
				CLANG_ANALYZER_NUMBER_OBJECT_CONVERSION = YES_AGGRESSIVE;
				CLANG_CXX_LANGUAGE_STANDARD = "gnu++17";
				CLANG_ENABLE_MODULES = YES;
				CLANG_ENABLE_OBJC_ARC = YES;
				CLANG_ENABLE_OBJC_WEAK = YES;
				CLANG_WARN_BLOCK_CAPTURE_AUTORELEASING = YES;
				CLANG_WARN_BOOL_CONVERSION = YES;
				CLANG_WARN_COMMA = YES;
				CLANG_WARN_CONSTANT_CONVERSION = YES;
				CLANG_WARN_DEPRECATED_OBJC_IMPLEMENTATIONS = YES;
				CLANG_WARN_DIRECT_OBJC_ISA_USAGE = YES_ERROR;
				CLANG_WARN_DOCUMENTATION_COMMENTS = YES;
				CLANG_WARN_EMPTY_BODY = YES;
				CLANG_WARN_ENUM_CONVERSION = YES;
				CLANG_WARN_INFINITE_RECURSION = YES;
				CLANG_WARN_INT_CONVERSION = YES;
				CLANG_WARN_NON_LITERAL_NULL_CONVERSION = YES;
				CLANG_WARN_OBJC_IMPLICIT_RETAIN_SELF = YES;
				CLANG_WARN_OBJC_LITERAL_CONVERSION = YES;
				CLANG_WARN_OBJC_ROOT_CLASS = YES_ERROR;
				CLANG_WARN_QUOTED_INCLUDE_IN_FRAMEWORK_HEADER = YES;
				CLANG_WARN_RANGE_LOOP_ANALYSIS = YES;
				CLANG_WARN_STRICT_PROTOTYPES = YES;
				CLANG_WARN_SUSPICIOUS_MOVE = YES;
				CLANG_WARN_UNGUARDED_AVAILABILITY = YES_AGGRESSIVE;
				CLANG_WARN_UNREACHABLE_CODE = YES;
				CLANG_WARN__DUPLICATE_METHOD_MATCH = YES;
				COPY_PHASE_STRIP = NO;
				CURRENT_PROJECT_VERSION = 1;
				DEBUG_INFORMATION_FORMAT = dwarf;
				ENABLE_STRICT_OBJC_MSGSEND = YES;
				ENABLE_TESTABILITY = YES;
				GCC_C_LANGUAGE_STANDARD = gnu11;
				GCC_DYNAMIC_NO_PIC = NO;
				GCC_NO_COMMON_BLOCKS = YES;
				GCC_OPTIMIZATION_LEVEL = 0;
				GCC_PREPROCESSOR_DEFINITIONS = (
					"DEBUG=1",
					"$(inherited)",
				);
				GCC_WARN_64_TO_32_BIT_CONVERSION = YES;
				GCC_WARN_ABOUT_RETURN_TYPE = YES_ERROR;
				GCC_WARN_UNDECLARED_SELECTOR = YES;
				GCC_WARN_UNINITIALIZED_AUTOS = YES_AGGRESSIVE;
				GCC_WARN_UNUSED_FUNCTION = YES;
				GCC_WARN_UNUSED_VARIABLE = YES;
				IPHONEOS_DEPLOYMENT_TARGET = 15.4;
				MTL_ENABLE_DEBUG_INFO = INCLUDE_SOURCE;
				MTL_FAST_MATH = YES;
				ONLY_ACTIVE_ARCH = YES;
				SDKROOT = iphoneos;
				SWIFT_ACTIVE_COMPILATION_CONDITIONS = DEBUG;
				SWIFT_OPTIMIZATION_LEVEL = "-Onone";
				VERSIONING_SYSTEM = "apple-generic";
				VERSION_INFO_PREFIX = "";
			};
			name = Debug;
		};
		E84C80B5292E1FE900B7A882 /* Release */ = {
			isa = XCBuildConfiguration;
			buildSettings = {
				ALWAYS_SEARCH_USER_PATHS = NO;
				CLANG_ANALYZER_NONNULL = YES;
				CLANG_ANALYZER_NUMBER_OBJECT_CONVERSION = YES_AGGRESSIVE;
				CLANG_CXX_LANGUAGE_STANDARD = "gnu++17";
				CLANG_ENABLE_MODULES = YES;
				CLANG_ENABLE_OBJC_ARC = YES;
				CLANG_ENABLE_OBJC_WEAK = YES;
				CLANG_WARN_BLOCK_CAPTURE_AUTORELEASING = YES;
				CLANG_WARN_BOOL_CONVERSION = YES;
				CLANG_WARN_COMMA = YES;
				CLANG_WARN_CONSTANT_CONVERSION = YES;
				CLANG_WARN_DEPRECATED_OBJC_IMPLEMENTATIONS = YES;
				CLANG_WARN_DIRECT_OBJC_ISA_USAGE = YES_ERROR;
				CLANG_WARN_DOCUMENTATION_COMMENTS = YES;
				CLANG_WARN_EMPTY_BODY = YES;
				CLANG_WARN_ENUM_CONVERSION = YES;
				CLANG_WARN_INFINITE_RECURSION = YES;
				CLANG_WARN_INT_CONVERSION = YES;
				CLANG_WARN_NON_LITERAL_NULL_CONVERSION = YES;
				CLANG_WARN_OBJC_IMPLICIT_RETAIN_SELF = YES;
				CLANG_WARN_OBJC_LITERAL_CONVERSION = YES;
				CLANG_WARN_OBJC_ROOT_CLASS = YES_ERROR;
				CLANG_WARN_QUOTED_INCLUDE_IN_FRAMEWORK_HEADER = YES;
				CLANG_WARN_RANGE_LOOP_ANALYSIS = YES;
				CLANG_WARN_STRICT_PROTOTYPES = YES;
				CLANG_WARN_SUSPICIOUS_MOVE = YES;
				CLANG_WARN_UNGUARDED_AVAILABILITY = YES_AGGRESSIVE;
				CLANG_WARN_UNREACHABLE_CODE = YES;
				CLANG_WARN__DUPLICATE_METHOD_MATCH = YES;
				COPY_PHASE_STRIP = NO;
				CURRENT_PROJECT_VERSION = 1;
				DEBUG_INFORMATION_FORMAT = "dwarf-with-dsym";
				ENABLE_NS_ASSERTIONS = NO;
				ENABLE_STRICT_OBJC_MSGSEND = YES;
				GCC_C_LANGUAGE_STANDARD = gnu11;
				GCC_NO_COMMON_BLOCKS = YES;
				GCC_WARN_64_TO_32_BIT_CONVERSION = YES;
				GCC_WARN_ABOUT_RETURN_TYPE = YES_ERROR;
				GCC_WARN_UNDECLARED_SELECTOR = YES;
				GCC_WARN_UNINITIALIZED_AUTOS = YES_AGGRESSIVE;
				GCC_WARN_UNUSED_FUNCTION = YES;
				GCC_WARN_UNUSED_VARIABLE = YES;
				IPHONEOS_DEPLOYMENT_TARGET = 15.4;
				MTL_ENABLE_DEBUG_INFO = NO;
				MTL_FAST_MATH = YES;
				SDKROOT = iphoneos;
				SWIFT_COMPILATION_MODE = wholemodule;
				SWIFT_OPTIMIZATION_LEVEL = "-O";
				VALIDATE_PRODUCT = YES;
				VERSIONING_SYSTEM = "apple-generic";
				VERSION_INFO_PREFIX = "";
			};
			name = Release;
		};
		E84C80B7292E1FE900B7A882 /* Debug */ = {
			isa = XCBuildConfiguration;
			baseConfigurationReference = 8A0469AD2D3291499ED07C36 /* Pods-HomePage.debug.xcconfig */;
			buildSettings = {
				CLANG_ENABLE_MODULES = YES;
				CODE_SIGN_STYLE = Automatic;
				CURRENT_PROJECT_VERSION = 1;
				DEFINES_MODULE = YES;
				DEVELOPMENT_TEAM = NN8SQ2H3KG;
				DYLIB_COMPATIBILITY_VERSION = 1;
				DYLIB_CURRENT_VERSION = 1;
				DYLIB_INSTALL_NAME_BASE = "@rpath";
				GENERATE_INFOPLIST_FILE = YES;
				INFOPLIST_KEY_NSHumanReadableCopyright = "";
				INSTALL_PATH = "$(LOCAL_LIBRARY_DIR)/Frameworks";
				LD_RUNPATH_SEARCH_PATHS = (
					"$(inherited)",
					"@executable_path/Frameworks",
					"@loader_path/Frameworks",
				);
				MARKETING_VERSION = 1.0;
				PRODUCT_BUNDLE_IDENTIFIER = com.ratchata.HomePage;
				PRODUCT_NAME = "$(TARGET_NAME:c99extidentifier)";
				SKIP_INSTALL = YES;
				SWIFT_EMIT_LOC_STRINGS = YES;
				SWIFT_OPTIMIZATION_LEVEL = "-Onone";
				SWIFT_VERSION = 5.0;
				TARGETED_DEVICE_FAMILY = "1,2";
			};
			name = Debug;
		};
		E84C80B8292E1FE900B7A882 /* Release */ = {
			isa = XCBuildConfiguration;
			baseConfigurationReference = B2462277978B1DD676B32886 /* Pods-HomePage.release.xcconfig */;
			buildSettings = {
				CLANG_ENABLE_MODULES = YES;
				CODE_SIGN_STYLE = Automatic;
				CURRENT_PROJECT_VERSION = 1;
				DEFINES_MODULE = YES;
				DEVELOPMENT_TEAM = NN8SQ2H3KG;
				DYLIB_COMPATIBILITY_VERSION = 1;
				DYLIB_CURRENT_VERSION = 1;
				DYLIB_INSTALL_NAME_BASE = "@rpath";
				GENERATE_INFOPLIST_FILE = YES;
				INFOPLIST_KEY_NSHumanReadableCopyright = "";
				INSTALL_PATH = "$(LOCAL_LIBRARY_DIR)/Frameworks";
				LD_RUNPATH_SEARCH_PATHS = (
					"$(inherited)",
					"@executable_path/Frameworks",
					"@loader_path/Frameworks",
				);
				MARKETING_VERSION = 1.0;
				PRODUCT_BUNDLE_IDENTIFIER = com.ratchata.HomePage;
				PRODUCT_NAME = "$(TARGET_NAME:c99extidentifier)";
				SKIP_INSTALL = YES;
				SWIFT_EMIT_LOC_STRINGS = YES;
				SWIFT_VERSION = 5.0;
				TARGETED_DEVICE_FAMILY = "1,2";
			};
			name = Release;
		};
		E84C80BA292E1FE900B7A882 /* Debug */ = {
			isa = XCBuildConfiguration;
			buildSettings = {
				ALWAYS_EMBED_SWIFT_STANDARD_LIBRARIES = YES;
				CODE_SIGN_STYLE = Automatic;
				CURRENT_PROJECT_VERSION = 1;
				DEVELOPMENT_TEAM = NN8SQ2H3KG;
				GENERATE_INFOPLIST_FILE = YES;
				MARKETING_VERSION = 1.0;
				PRODUCT_BUNDLE_IDENTIFIER = com.ratchata.HomePageTests;
				PRODUCT_NAME = "$(TARGET_NAME)";
				SWIFT_EMIT_LOC_STRINGS = NO;
				SWIFT_VERSION = 5.0;
				TARGETED_DEVICE_FAMILY = "1,2";
			};
			name = Debug;
		};
		E84C80BB292E1FE900B7A882 /* Release */ = {
			isa = XCBuildConfiguration;
			buildSettings = {
				ALWAYS_EMBED_SWIFT_STANDARD_LIBRARIES = YES;
				CODE_SIGN_STYLE = Automatic;
				CURRENT_PROJECT_VERSION = 1;
				DEVELOPMENT_TEAM = NN8SQ2H3KG;
				GENERATE_INFOPLIST_FILE = YES;
				MARKETING_VERSION = 1.0;
				PRODUCT_BUNDLE_IDENTIFIER = com.ratchata.HomePageTests;
				PRODUCT_NAME = "$(TARGET_NAME)";
				SWIFT_EMIT_LOC_STRINGS = NO;
				SWIFT_VERSION = 5.0;
				TARGETED_DEVICE_FAMILY = "1,2";
			};
			name = Release;
		};
/* End XCBuildConfiguration section */

/* Begin XCConfigurationList section */
		E84C809C292E1FE800B7A882 /* Build configuration list for PBXProject "HomePage" */ = {
			isa = XCConfigurationList;
			buildConfigurations = (
				E84C80B4292E1FE900B7A882 /* Debug */,
				E84C80B5292E1FE900B7A882 /* Release */,
			);
			defaultConfigurationIsVisible = 0;
			defaultConfigurationName = Release;
		};
		E84C80B6292E1FE900B7A882 /* Build configuration list for PBXNativeTarget "HomePage" */ = {
			isa = XCConfigurationList;
			buildConfigurations = (
				E84C80B7292E1FE900B7A882 /* Debug */,
				E84C80B8292E1FE900B7A882 /* Release */,
			);
			defaultConfigurationIsVisible = 0;
			defaultConfigurationName = Release;
		};
		E84C80B9292E1FE900B7A882 /* Build configuration list for PBXNativeTarget "HomePageTests" */ = {
			isa = XCConfigurationList;
			buildConfigurations = (
				E84C80BA292E1FE900B7A882 /* Debug */,
				E84C80BB292E1FE900B7A882 /* Release */,
			);
			defaultConfigurationIsVisible = 0;
			defaultConfigurationName = Release;
		};
/* End XCConfigurationList section */
	};
	rootObject = E84C8099292E1FE800B7A882 /* Project object */;
}
