// !$*UTF8*$!
{
	archiveVersion = 1;
	classes = {
	};
	objectVersion = 55;
	objects = {

/* Begin PBXBuildFile section */
		8C867639880AC9A6197232C8 /* Pods_Core.framework in Frameworks */ = {isa = PBXBuildFile; fileRef = AFF760104DE564C04E09A3DB /* Pods_Core.framework */; };
		E859E09A292E2FE000759379 /* SceneType.swift in Sources */ = {isa = PBXBuildFile; fileRef = E859E099292E2FE000759379 /* SceneType.swift */; };
		E859E09D292E305800759379 /* SceneTransitionType.swift in Sources */ = {isa = PBXBuildFile; fileRef = E859E09C292E305800759379 /* SceneTransitionType.swift */; };
		E859E09F292E306C00759379 /* SceneCoordinator.swift in Sources */ = {isa = PBXBuildFile; fileRef = E859E09E292E306C00759379 /* SceneCoordinator.swift */; };
		E859E0A2292E335300759379 /* UIViewController+Extension.swift in Sources */ = {isa = PBXBuildFile; fileRef = E859E0A1292E335300759379 /* UIViewController+Extension.swift */; };
		E859E0A4292E33A700759379 /* UIWindow+Extension.swift in Sources */ = {isa = PBXBuildFile; fileRef = E859E0A3292E33A700759379 /* UIWindow+Extension.swift */; };
		E8A3B353292EA45700566B12 /* UILabel+Extension.swift in Sources */ = {isa = PBXBuildFile; fileRef = E8A3B352292EA45700566B12 /* UILabel+Extension.swift */; };
		E8A3B355292EA49400566B12 /* UIFont+Extension.swift in Sources */ = {isa = PBXBuildFile; fileRef = E8A3B354292EA49400566B12 /* UIFont+Extension.swift */; };
		E8A3B358292EA53200566B12 /* FontsManager.swift in Sources */ = {isa = PBXBuildFile; fileRef = E8A3B357292EA53200566B12 /* FontsManager.swift */; };
		E8A3B360292EA5D700566B12 /* DBHeaventt-Light.ttf in Resources */ = {isa = PBXBuildFile; fileRef = E8A3B35B292EA5D700566B12 /* DBHeaventt-Light.ttf */; };
		E8A3B361292EA5D700566B12 /* DBHeavent-Me.ttf in Resources */ = {isa = PBXBuildFile; fileRef = E8A3B35C292EA5D700566B12 /* DBHeavent-Me.ttf */; };
		E8A3B362292EA5D700566B12 /* DBHeavent-Bold.ttf in Resources */ = {isa = PBXBuildFile; fileRef = E8A3B35D292EA5D700566B12 /* DBHeavent-Bold.ttf */; };
		E8A3B363292EA5D700566B12 /* DBHeavent-Thin.ttf in Resources */ = {isa = PBXBuildFile; fileRef = E8A3B35E292EA5D700566B12 /* DBHeavent-Thin.ttf */; };
		E8A3B364292EA5D700566B12 /* DBHeavent.ttf in Resources */ = {isa = PBXBuildFile; fileRef = E8A3B35F292EA5D700566B12 /* DBHeavent.ttf */; };
		E8A3B367292EA6BD00566B12 /* Theme.swift in Sources */ = {isa = PBXBuildFile; fileRef = E8A3B366292EA6BD00566B12 /* Theme.swift */; };
		E8A3B369292EA6D600566B12 /* UIColor+Extension.swift in Sources */ = {isa = PBXBuildFile; fileRef = E8A3B368292EA6D600566B12 /* UIColor+Extension.swift */; };
		E8A3B36B292EA78500566B12 /* UIButton+Extension.swift in Sources */ = {isa = PBXBuildFile; fileRef = E8A3B36A292EA78500566B12 /* UIButton+Extension.swift */; };
		E8A3B36D292EA7B700566B12 /* UIVIew+Extension.swift in Sources */ = {isa = PBXBuildFile; fileRef = E8A3B36C292EA7B700566B12 /* UIVIew+Extension.swift */; };
		E8D253E9292E11E0006FF6DD /* Core.framework in Frameworks */ = {isa = PBXBuildFile; fileRef = E8D253DE292E11E0006FF6DD /* Core.framework */; };
		E8D253EE292E11E0006FF6DD /* CoreTests.swift in Sources */ = {isa = PBXBuildFile; fileRef = E8D253ED292E11E0006FF6DD /* CoreTests.swift */; };
		E8D253FB292E131E006FF6DD /* AppStoryboard.swift in Sources */ = {isa = PBXBuildFile; fileRef = E8D253FA292E131E006FF6DD /* AppStoryboard.swift */; };
		E8D253FE292E1409006FF6DD /* ConfigBundle.swift in Sources */ = {isa = PBXBuildFile; fileRef = E8D253FD292E1409006FF6DD /* ConfigBundle.swift */; };
/* End PBXBuildFile section */

/* Begin PBXContainerItemProxy section */
		E8D253EA292E11E0006FF6DD /* PBXContainerItemProxy */ = {
			isa = PBXContainerItemProxy;
			containerPortal = E8D253D5292E11E0006FF6DD /* Project object */;
			proxyType = 1;
			remoteGlobalIDString = E8D253DD292E11E0006FF6DD;
			remoteInfo = Core;
		};
/* End PBXContainerItemProxy section */

/* Begin PBXFileReference section */
		6CE68A12ABC4A335AAFA144E /* Pods-Core.debug.xcconfig */ = {isa = PBXFileReference; includeInIndex = 1; lastKnownFileType = text.xcconfig; name = "Pods-Core.debug.xcconfig"; path = "Target Support Files/Pods-Core/Pods-Core.debug.xcconfig"; sourceTree = "<group>"; };
		AFF760104DE564C04E09A3DB /* Pods_Core.framework */ = {isa = PBXFileReference; explicitFileType = wrapper.framework; includeInIndex = 0; path = Pods_Core.framework; sourceTree = BUILT_PRODUCTS_DIR; };
		D5DD5335D7B7E24EC17955F9 /* Pods-Core.release.xcconfig */ = {isa = PBXFileReference; includeInIndex = 1; lastKnownFileType = text.xcconfig; name = "Pods-Core.release.xcconfig"; path = "Target Support Files/Pods-Core/Pods-Core.release.xcconfig"; sourceTree = "<group>"; };
		E859E099292E2FE000759379 /* SceneType.swift */ = {isa = PBXFileReference; lastKnownFileType = sourcecode.swift; path = SceneType.swift; sourceTree = "<group>"; };
		E859E09C292E305800759379 /* SceneTransitionType.swift */ = {isa = PBXFileReference; lastKnownFileType = sourcecode.swift; path = SceneTransitionType.swift; sourceTree = "<group>"; };
		E859E09E292E306C00759379 /* SceneCoordinator.swift */ = {isa = PBXFileReference; lastKnownFileType = sourcecode.swift; path = SceneCoordinator.swift; sourceTree = "<group>"; };
		E859E0A1292E335300759379 /* UIViewController+Extension.swift */ = {isa = PBXFileReference; lastKnownFileType = sourcecode.swift; path = "UIViewController+Extension.swift"; sourceTree = "<group>"; };
		E859E0A3292E33A700759379 /* UIWindow+Extension.swift */ = {isa = PBXFileReference; lastKnownFileType = sourcecode.swift; path = "UIWindow+Extension.swift"; sourceTree = "<group>"; };
		E8A3B352292EA45700566B12 /* UILabel+Extension.swift */ = {isa = PBXFileReference; lastKnownFileType = sourcecode.swift; path = "UILabel+Extension.swift"; sourceTree = "<group>"; };
		E8A3B354292EA49400566B12 /* UIFont+Extension.swift */ = {isa = PBXFileReference; lastKnownFileType = sourcecode.swift; path = "UIFont+Extension.swift"; sourceTree = "<group>"; };
		E8A3B357292EA53200566B12 /* FontsManager.swift */ = {isa = PBXFileReference; lastKnownFileType = sourcecode.swift; path = FontsManager.swift; sourceTree = "<group>"; };
		E8A3B35B292EA5D700566B12 /* DBHeaventt-Light.ttf */ = {isa = PBXFileReference; lastKnownFileType = file; path = "DBHeaventt-Light.ttf"; sourceTree = "<group>"; };
		E8A3B35C292EA5D700566B12 /* DBHeavent-Me.ttf */ = {isa = PBXFileReference; lastKnownFileType = file; path = "DBHeavent-Me.ttf"; sourceTree = "<group>"; };
		E8A3B35D292EA5D700566B12 /* DBHeavent-Bold.ttf */ = {isa = PBXFileReference; lastKnownFileType = file; path = "DBHeavent-Bold.ttf"; sourceTree = "<group>"; };
		E8A3B35E292EA5D700566B12 /* DBHeavent-Thin.ttf */ = {isa = PBXFileReference; lastKnownFileType = file; path = "DBHeavent-Thin.ttf"; sourceTree = "<group>"; };
		E8A3B35F292EA5D700566B12 /* DBHeavent.ttf */ = {isa = PBXFileReference; lastKnownFileType = file; path = DBHeavent.ttf; sourceTree = "<group>"; };
		E8A3B366292EA6BD00566B12 /* Theme.swift */ = {isa = PBXFileReference; lastKnownFileType = sourcecode.swift; path = Theme.swift; sourceTree = "<group>"; };
		E8A3B368292EA6D600566B12 /* UIColor+Extension.swift */ = {isa = PBXFileReference; lastKnownFileType = sourcecode.swift; path = "UIColor+Extension.swift"; sourceTree = "<group>"; };
		E8A3B36A292EA78500566B12 /* UIButton+Extension.swift */ = {isa = PBXFileReference; lastKnownFileType = sourcecode.swift; path = "UIButton+Extension.swift"; sourceTree = "<group>"; };
		E8A3B36C292EA7B700566B12 /* UIVIew+Extension.swift */ = {isa = PBXFileReference; lastKnownFileType = sourcecode.swift; path = "UIVIew+Extension.swift"; sourceTree = "<group>"; };
		E8D253DE292E11E0006FF6DD /* Core.framework */ = {isa = PBXFileReference; explicitFileType = wrapper.framework; includeInIndex = 0; path = Core.framework; sourceTree = BUILT_PRODUCTS_DIR; };
		E8D253E8292E11E0006FF6DD /* CoreTests.xctest */ = {isa = PBXFileReference; explicitFileType = wrapper.cfbundle; includeInIndex = 0; path = CoreTests.xctest; sourceTree = BUILT_PRODUCTS_DIR; };
		E8D253ED292E11E0006FF6DD /* CoreTests.swift */ = {isa = PBXFileReference; lastKnownFileType = sourcecode.swift; path = CoreTests.swift; sourceTree = "<group>"; };
		E8D253FA292E131E006FF6DD /* AppStoryboard.swift */ = {isa = PBXFileReference; lastKnownFileType = sourcecode.swift; path = AppStoryboard.swift; sourceTree = "<group>"; };
		E8D253FD292E1409006FF6DD /* ConfigBundle.swift */ = {isa = PBXFileReference; lastKnownFileType = sourcecode.swift; path = ConfigBundle.swift; sourceTree = "<group>"; };
/* End PBXFileReference section */

/* Begin PBXFrameworksBuildPhase section */
		E8D253DB292E11E0006FF6DD /* Frameworks */ = {
			isa = PBXFrameworksBuildPhase;
			buildActionMask = 2147483647;
			files = (
				8C867639880AC9A6197232C8 /* Pods_Core.framework in Frameworks */,
			);
			runOnlyForDeploymentPostprocessing = 0;
		};
		E8D253E5292E11E0006FF6DD /* Frameworks */ = {
			isa = PBXFrameworksBuildPhase;
			buildActionMask = 2147483647;
			files = (
				E8D253E9292E11E0006FF6DD /* Core.framework in Frameworks */,
			);
			runOnlyForDeploymentPostprocessing = 0;
		};
/* End PBXFrameworksBuildPhase section */

/* Begin PBXGroup section */
		72BD03AB80CC3B90EFE918DE /* Frameworks */ = {
			isa = PBXGroup;
			children = (
				AFF760104DE564C04E09A3DB /* Pods_Core.framework */,
			);
			name = Frameworks;
			sourceTree = "<group>";
		};
		C01BC10F4A604B564C020AC7 /* Pods */ = {
			isa = PBXGroup;
			children = (
				6CE68A12ABC4A335AAFA144E /* Pods-Core.debug.xcconfig */,
				D5DD5335D7B7E24EC17955F9 /* Pods-Core.release.xcconfig */,
			);
			name = Pods;
			path = ../../Pods;
			sourceTree = "<group>";
		};
		E859E098292E2FD100759379 /* Navigation */ = {
			isa = PBXGroup;
			children = (
				E859E09B292E303E00759379 /* Coordinator */,
				E859E099292E2FE000759379 /* SceneType.swift */,
			);
			path = Navigation;
			sourceTree = "<group>";
		};
		E859E09B292E303E00759379 /* Coordinator */ = {
			isa = PBXGroup;
			children = (
				E859E09C292E305800759379 /* SceneTransitionType.swift */,
				E859E09E292E306C00759379 /* SceneCoordinator.swift */,
			);
			path = Coordinator;
			sourceTree = "<group>";
		};
		E859E0A0292E334200759379 /* Extensions */ = {
			isa = PBXGroup;
			children = (
				E859E0A1292E335300759379 /* UIViewController+Extension.swift */,
				E859E0A3292E33A700759379 /* UIWindow+Extension.swift */,
				E8A3B352292EA45700566B12 /* UILabel+Extension.swift */,
				E8A3B354292EA49400566B12 /* UIFont+Extension.swift */,
				E8A3B368292EA6D600566B12 /* UIColor+Extension.swift */,
				E8A3B36A292EA78500566B12 /* UIButton+Extension.swift */,
				E8A3B36C292EA7B700566B12 /* UIVIew+Extension.swift */,
			);
			path = Extensions;
			sourceTree = "<group>";
		};
		E8A3B356292EA52300566B12 /* Theme */ = {
			isa = PBXGroup;
			children = (
				E8A3B357292EA53200566B12 /* FontsManager.swift */,
				E8A3B366292EA6BD00566B12 /* Theme.swift */,
			);
			path = Theme;
			sourceTree = "<group>";
		};
		E8A3B359292EA5C300566B12 /* Assets */ = {
			isa = PBXGroup;
			children = (
				E8A3B35A292EA5D700566B12 /* Fonts */,
			);
			path = Assets;
			sourceTree = "<group>";
		};
		E8A3B35A292EA5D700566B12 /* Fonts */ = {
			isa = PBXGroup;
			children = (
				E8A3B35B292EA5D700566B12 /* DBHeaventt-Light.ttf */,
				E8A3B35C292EA5D700566B12 /* DBHeavent-Me.ttf */,
				E8A3B35D292EA5D700566B12 /* DBHeavent-Bold.ttf */,
				E8A3B35E292EA5D700566B12 /* DBHeavent-Thin.ttf */,
				E8A3B35F292EA5D700566B12 /* DBHeavent.ttf */,
			);
			path = Fonts;
			sourceTree = "<group>";
		};
		E8D253D4292E11E0006FF6DD = {
			isa = PBXGroup;
			children = (
				E8D253E0292E11E0006FF6DD /* Core */,
				E8D253EC292E11E0006FF6DD /* CoreTests */,
				E8D253DF292E11E0006FF6DD /* Products */,
				C01BC10F4A604B564C020AC7 /* Pods */,
				72BD03AB80CC3B90EFE918DE /* Frameworks */,
			);
			sourceTree = "<group>";
		};
		E8D253DF292E11E0006FF6DD /* Products */ = {
			isa = PBXGroup;
			children = (
				E8D253DE292E11E0006FF6DD /* Core.framework */,
				E8D253E8292E11E0006FF6DD /* CoreTests.xctest */,
			);
			name = Products;
			sourceTree = "<group>";
		};
		E8D253E0292E11E0006FF6DD /* Core */ = {
			isa = PBXGroup;
			children = (
				E8A3B359292EA5C300566B12 /* Assets */,
				E859E0A0292E334200759379 /* Extensions */,
				E859E098292E2FD100759379 /* Navigation */,
				E8D253FC292E13FC006FF6DD /* Config */,
				E8D253F9292E12E9006FF6DD /* Utility */,
			);
			path = Core;
			sourceTree = "<group>";
		};
		E8D253EC292E11E0006FF6DD /* CoreTests */ = {
			isa = PBXGroup;
			children = (
				E8D253ED292E11E0006FF6DD /* CoreTests.swift */,
			);
			path = CoreTests;
			sourceTree = "<group>";
		};
		E8D253F9292E12E9006FF6DD /* Utility */ = {
			isa = PBXGroup;
			children = (
				E8A3B356292EA52300566B12 /* Theme */,
				E8D253FA292E131E006FF6DD /* AppStoryboard.swift */,
			);
			path = Utility;
			sourceTree = "<group>";
		};
		E8D253FC292E13FC006FF6DD /* Config */ = {
			isa = PBXGroup;
			children = (
				E8D253FD292E1409006FF6DD /* ConfigBundle.swift */,
			);
			path = Config;
			sourceTree = "<group>";
		};
/* End PBXGroup section */

/* Begin PBXHeadersBuildPhase section */
		E8D253D9292E11E0006FF6DD /* Headers */ = {
			isa = PBXHeadersBuildPhase;
			buildActionMask = 2147483647;
			files = (
			);
			runOnlyForDeploymentPostprocessing = 0;
		};
/* End PBXHeadersBuildPhase section */

/* Begin PBXNativeTarget section */
		E8D253DD292E11E0006FF6DD /* Core */ = {
			isa = PBXNativeTarget;
			buildConfigurationList = E8D253F2292E11E0006FF6DD /* Build configuration list for PBXNativeTarget "Core" */;
			buildPhases = (
				171B6C62D25A3B91FFADE384 /* [CP] Check Pods Manifest.lock */,
				E8D253D9292E11E0006FF6DD /* Headers */,
				E8D253DA292E11E0006FF6DD /* Sources */,
				E8D253DB292E11E0006FF6DD /* Frameworks */,
				E8D253DC292E11E0006FF6DD /* Resources */,
			);
			buildRules = (
			);
			dependencies = (
			);
			name = Core;
			productName = Core;
			productReference = E8D253DE292E11E0006FF6DD /* Core.framework */;
			productType = "com.apple.product-type.framework";
		};
		E8D253E7292E11E0006FF6DD /* CoreTests */ = {
			isa = PBXNativeTarget;
			buildConfigurationList = E8D253F5292E11E0006FF6DD /* Build configuration list for PBXNativeTarget "CoreTests" */;
			buildPhases = (
				E8D253E4292E11E0006FF6DD /* Sources */,
				E8D253E5292E11E0006FF6DD /* Frameworks */,
				E8D253E6292E11E0006FF6DD /* Resources */,
			);
			buildRules = (
			);
			dependencies = (
				E8D253EB292E11E0006FF6DD /* PBXTargetDependency */,
			);
			name = CoreTests;
			productName = CoreTests;
			productReference = E8D253E8292E11E0006FF6DD /* CoreTests.xctest */;
			productType = "com.apple.product-type.bundle.unit-test";
		};
/* End PBXNativeTarget section */

/* Begin PBXProject section */
		E8D253D5292E11E0006FF6DD /* Project object */ = {
			isa = PBXProject;
			attributes = {
				BuildIndependentTargetsInParallel = 1;
				LastSwiftUpdateCheck = 1330;
				LastUpgradeCheck = 1330;
				TargetAttributes = {
					E8D253DD292E11E0006FF6DD = {
						CreatedOnToolsVersion = 13.3.1;
					};
					E8D253E7292E11E0006FF6DD = {
						CreatedOnToolsVersion = 13.3.1;
					};
				};
			};
			buildConfigurationList = E8D253D8292E11E0006FF6DD /* Build configuration list for PBXProject "Core" */;
			compatibilityVersion = "Xcode 13.0";
			developmentRegion = en;
			hasScannedForEncodings = 0;
			knownRegions = (
				en,
				Base,
			);
			mainGroup = E8D253D4292E11E0006FF6DD;
			productRefGroup = E8D253DF292E11E0006FF6DD /* Products */;
			projectDirPath = "";
			projectRoot = "";
			targets = (
				E8D253DD292E11E0006FF6DD /* Core */,
				E8D253E7292E11E0006FF6DD /* CoreTests */,
			);
		};
/* End PBXProject section */

/* Begin PBXResourcesBuildPhase section */
		E8D253DC292E11E0006FF6DD /* Resources */ = {
			isa = PBXResourcesBuildPhase;
			buildActionMask = 2147483647;
			files = (
				E8A3B361292EA5D700566B12 /* DBHeavent-Me.ttf in Resources */,
				E8A3B362292EA5D700566B12 /* DBHeavent-Bold.ttf in Resources */,
				E8A3B360292EA5D700566B12 /* DBHeaventt-Light.ttf in Resources */,
				E8A3B363292EA5D700566B12 /* DBHeavent-Thin.ttf in Resources */,
				E8A3B364292EA5D700566B12 /* DBHeavent.ttf in Resources */,
			);
			runOnlyForDeploymentPostprocessing = 0;
		};
		E8D253E6292E11E0006FF6DD /* Resources */ = {
			isa = PBXResourcesBuildPhase;
			buildActionMask = 2147483647;
			files = (
			);
			runOnlyForDeploymentPostprocessing = 0;
		};
/* End PBXResourcesBuildPhase section */

/* Begin PBXShellScriptBuildPhase section */
		171B6C62D25A3B91FFADE384 /* [CP] Check Pods Manifest.lock */ = {
			isa = PBXShellScriptBuildPhase;
			buildActionMask = 2147483647;
			files = (
			);
			inputFileListPaths = (
			);
			inputPaths = (
				"${PODS_PODFILE_DIR_PATH}/Podfile.lock",
				"${PODS_ROOT}/Manifest.lock",
			);
			name = "[CP] Check Pods Manifest.lock";
			outputFileListPaths = (
			);
			outputPaths = (
				"$(DERIVED_FILE_DIR)/Pods-Core-checkManifestLockResult.txt",
			);
			runOnlyForDeploymentPostprocessing = 0;
			shellPath = /bin/sh;
			shellScript = "diff \"${PODS_PODFILE_DIR_PATH}/Podfile.lock\" \"${PODS_ROOT}/Manifest.lock\" > /dev/null\nif [ $? != 0 ] ; then\n    # print error to STDERR\n    echo \"error: The sandbox is not in sync with the Podfile.lock. Run 'pod install' or update your CocoaPods installation.\" >&2\n    exit 1\nfi\n# This output is used by Xcode 'outputs' to avoid re-running this script phase.\necho \"SUCCESS\" > \"${SCRIPT_OUTPUT_FILE_0}\"\n";
			showEnvVarsInLog = 0;
		};
/* End PBXShellScriptBuildPhase section */

/* Begin PBXSourcesBuildPhase section */
		E8D253DA292E11E0006FF6DD /* Sources */ = {
			isa = PBXSourcesBuildPhase;
			buildActionMask = 2147483647;
			files = (
				E8A3B353292EA45700566B12 /* UILabel+Extension.swift in Sources */,
				E8A3B369292EA6D600566B12 /* UIColor+Extension.swift in Sources */,
				E8A3B36B292EA78500566B12 /* UIButton+Extension.swift in Sources */,
				E859E0A2292E335300759379 /* UIViewController+Extension.swift in Sources */,
				E8A3B358292EA53200566B12 /* FontsManager.swift in Sources */,
				E859E09A292E2FE000759379 /* SceneType.swift in Sources */,
				E8A3B36D292EA7B700566B12 /* UIVIew+Extension.swift in Sources */,
				E8A3B367292EA6BD00566B12 /* Theme.swift in Sources */,
				E859E0A4292E33A700759379 /* UIWindow+Extension.swift in Sources */,
				E859E09F292E306C00759379 /* SceneCoordinator.swift in Sources */,
				E8D253FB292E131E006FF6DD /* AppStoryboard.swift in Sources */,
				E8A3B355292EA49400566B12 /* UIFont+Extension.swift in Sources */,
				E8D253FE292E1409006FF6DD /* ConfigBundle.swift in Sources */,
				E859E09D292E305800759379 /* SceneTransitionType.swift in Sources */,
			);
			runOnlyForDeploymentPostprocessing = 0;
		};
		E8D253E4292E11E0006FF6DD /* Sources */ = {
			isa = PBXSourcesBuildPhase;
			buildActionMask = 2147483647;
			files = (
				E8D253EE292E11E0006FF6DD /* CoreTests.swift in Sources */,
			);
			runOnlyForDeploymentPostprocessing = 0;
		};
/* End PBXSourcesBuildPhase section */

/* Begin PBXTargetDependency section */
		E8D253EB292E11E0006FF6DD /* PBXTargetDependency */ = {
			isa = PBXTargetDependency;
			target = E8D253DD292E11E0006FF6DD /* Core */;
			targetProxy = E8D253EA292E11E0006FF6DD /* PBXContainerItemProxy */;
		};
/* End PBXTargetDependency section */

/* Begin XCBuildConfiguration section */
		E8D253F0292E11E0006FF6DD /* Debug */ = {
			isa = XCBuildConfiguration;
			buildSettings = {
				ALWAYS_SEARCH_USER_PATHS = NO;
				CLANG_ANALYZER_NONNULL = YES;
				CLANG_ANALYZER_NUMBER_OBJECT_CONVERSION = YES_AGGRESSIVE;
				CLANG_CXX_LANGUAGE_STANDARD = "gnu++17";
				CLANG_ENABLE_MODULES = YES;
				CLANG_ENABLE_OBJC_ARC = YES;
				CLANG_ENABLE_OBJC_WEAK = YES;
				CLANG_WARN_BLOCK_CAPTURE_AUTORELEASING = YES;
				CLANG_WARN_BOOL_CONVERSION = YES;
				CLANG_WARN_COMMA = YES;
				CLANG_WARN_CONSTANT_CONVERSION = YES;
				CLANG_WARN_DEPRECATED_OBJC_IMPLEMENTATIONS = YES;
				CLANG_WARN_DIRECT_OBJC_ISA_USAGE = YES_ERROR;
				CLANG_WARN_DOCUMENTATION_COMMENTS = YES;
				CLANG_WARN_EMPTY_BODY = YES;
				CLANG_WARN_ENUM_CONVERSION = YES;
				CLANG_WARN_INFINITE_RECURSION = YES;
				CLANG_WARN_INT_CONVERSION = YES;
				CLANG_WARN_NON_LITERAL_NULL_CONVERSION = YES;
				CLANG_WARN_OBJC_IMPLICIT_RETAIN_SELF = YES;
				CLANG_WARN_OBJC_LITERAL_CONVERSION = YES;
				CLANG_WARN_OBJC_ROOT_CLASS = YES_ERROR;
				CLANG_WARN_QUOTED_INCLUDE_IN_FRAMEWORK_HEADER = YES;
				CLANG_WARN_RANGE_LOOP_ANALYSIS = YES;
				CLANG_WARN_STRICT_PROTOTYPES = YES;
				CLANG_WARN_SUSPICIOUS_MOVE = YES;
				CLANG_WARN_UNGUARDED_AVAILABILITY = YES_AGGRESSIVE;
				CLANG_WARN_UNREACHABLE_CODE = YES;
				CLANG_WARN__DUPLICATE_METHOD_MATCH = YES;
				COPY_PHASE_STRIP = NO;
				CURRENT_PROJECT_VERSION = 1;
				DEBUG_INFORMATION_FORMAT = dwarf;
				ENABLE_STRICT_OBJC_MSGSEND = YES;
				ENABLE_TESTABILITY = YES;
				GCC_C_LANGUAGE_STANDARD = gnu11;
				GCC_DYNAMIC_NO_PIC = NO;
				GCC_NO_COMMON_BLOCKS = YES;
				GCC_OPTIMIZATION_LEVEL = 0;
				GCC_PREPROCESSOR_DEFINITIONS = (
					"DEBUG=1",
					"$(inherited)",
				);
				GCC_WARN_64_TO_32_BIT_CONVERSION = YES;
				GCC_WARN_ABOUT_RETURN_TYPE = YES_ERROR;
				GCC_WARN_UNDECLARED_SELECTOR = YES;
				GCC_WARN_UNINITIALIZED_AUTOS = YES_AGGRESSIVE;
				GCC_WARN_UNUSED_FUNCTION = YES;
				GCC_WARN_UNUSED_VARIABLE = YES;
				IPHONEOS_DEPLOYMENT_TARGET = 15.4;
				MTL_ENABLE_DEBUG_INFO = INCLUDE_SOURCE;
				MTL_FAST_MATH = YES;
				ONLY_ACTIVE_ARCH = YES;
				SDKROOT = iphoneos;
				SWIFT_ACTIVE_COMPILATION_CONDITIONS = DEBUG;
				SWIFT_OPTIMIZATION_LEVEL = "-Onone";
				VERSIONING_SYSTEM = "apple-generic";
				VERSION_INFO_PREFIX = "";
			};
			name = Debug;
		};
		E8D253F1292E11E0006FF6DD /* Release */ = {
			isa = XCBuildConfiguration;
			buildSettings = {
				ALWAYS_SEARCH_USER_PATHS = NO;
				CLANG_ANALYZER_NONNULL = YES;
				CLANG_ANALYZER_NUMBER_OBJECT_CONVERSION = YES_AGGRESSIVE;
				CLANG_CXX_LANGUAGE_STANDARD = "gnu++17";
				CLANG_ENABLE_MODULES = YES;
				CLANG_ENABLE_OBJC_ARC = YES;
				CLANG_ENABLE_OBJC_WEAK = YES;
				CLANG_WARN_BLOCK_CAPTURE_AUTORELEASING = YES;
				CLANG_WARN_BOOL_CONVERSION = YES;
				CLANG_WARN_COMMA = YES;
				CLANG_WARN_CONSTANT_CONVERSION = YES;
				CLANG_WARN_DEPRECATED_OBJC_IMPLEMENTATIONS = YES;
				CLANG_WARN_DIRECT_OBJC_ISA_USAGE = YES_ERROR;
				CLANG_WARN_DOCUMENTATION_COMMENTS = YES;
				CLANG_WARN_EMPTY_BODY = YES;
				CLANG_WARN_ENUM_CONVERSION = YES;
				CLANG_WARN_INFINITE_RECURSION = YES;
				CLANG_WARN_INT_CONVERSION = YES;
				CLANG_WARN_NON_LITERAL_NULL_CONVERSION = YES;
				CLANG_WARN_OBJC_IMPLICIT_RETAIN_SELF = YES;
				CLANG_WARN_OBJC_LITERAL_CONVERSION = YES;
				CLANG_WARN_OBJC_ROOT_CLASS = YES_ERROR;
				CLANG_WARN_QUOTED_INCLUDE_IN_FRAMEWORK_HEADER = YES;
				CLANG_WARN_RANGE_LOOP_ANALYSIS = YES;
				CLANG_WARN_STRICT_PROTOTYPES = YES;
				CLANG_WARN_SUSPICIOUS_MOVE = YES;
				CLANG_WARN_UNGUARDED_AVAILABILITY = YES_AGGRESSIVE;
				CLANG_WARN_UNREACHABLE_CODE = YES;
				CLANG_WARN__DUPLICATE_METHOD_MATCH = YES;
				COPY_PHASE_STRIP = NO;
				CURRENT_PROJECT_VERSION = 1;
				DEBUG_INFORMATION_FORMAT = "dwarf-with-dsym";
				ENABLE_NS_ASSERTIONS = NO;
				ENABLE_STRICT_OBJC_MSGSEND = YES;
				GCC_C_LANGUAGE_STANDARD = gnu11;
				GCC_NO_COMMON_BLOCKS = YES;
				GCC_WARN_64_TO_32_BIT_CONVERSION = YES;
				GCC_WARN_ABOUT_RETURN_TYPE = YES_ERROR;
				GCC_WARN_UNDECLARED_SELECTOR = YES;
				GCC_WARN_UNINITIALIZED_AUTOS = YES_AGGRESSIVE;
				GCC_WARN_UNUSED_FUNCTION = YES;
				GCC_WARN_UNUSED_VARIABLE = YES;
				IPHONEOS_DEPLOYMENT_TARGET = 15.4;
				MTL_ENABLE_DEBUG_INFO = NO;
				MTL_FAST_MATH = YES;
				SDKROOT = iphoneos;
				SWIFT_COMPILATION_MODE = wholemodule;
				SWIFT_OPTIMIZATION_LEVEL = "-O";
				VALIDATE_PRODUCT = YES;
				VERSIONING_SYSTEM = "apple-generic";
				VERSION_INFO_PREFIX = "";
			};
			name = Release;
		};
		E8D253F3292E11E0006FF6DD /* Debug */ = {
			isa = XCBuildConfiguration;
			baseConfigurationReference = 6CE68A12ABC4A335AAFA144E /* Pods-Core.debug.xcconfig */;
			buildSettings = {
				CODE_SIGN_STYLE = Automatic;
				CURRENT_PROJECT_VERSION = 1;
				DEFINES_MODULE = YES;
				DEVELOPMENT_TEAM = NN8SQ2H3KG;
				DYLIB_COMPATIBILITY_VERSION = 1;
				DYLIB_CURRENT_VERSION = 1;
				DYLIB_INSTALL_NAME_BASE = "@rpath";
				GENERATE_INFOPLIST_FILE = YES;
				INFOPLIST_KEY_NSHumanReadableCopyright = "";
				INSTALL_PATH = "$(LOCAL_LIBRARY_DIR)/Frameworks";
				LD_RUNPATH_SEARCH_PATHS = (
					"$(inherited)",
					"@executable_path/Frameworks",
					"@loader_path/Frameworks",
				);
				MARKETING_VERSION = 1.0;
				PRODUCT_BUNDLE_IDENTIFIER = com.ratchata.Core;
				PRODUCT_NAME = "$(TARGET_NAME:c99extidentifier)";
				SKIP_INSTALL = YES;
				SWIFT_EMIT_LOC_STRINGS = YES;
				SWIFT_VERSION = 5.0;
				TARGETED_DEVICE_FAMILY = "1,2";
			};
			name = Debug;
		};
		E8D253F4292E11E0006FF6DD /* Release */ = {
			isa = XCBuildConfiguration;
			baseConfigurationReference = D5DD5335D7B7E24EC17955F9 /* Pods-Core.release.xcconfig */;
			buildSettings = {
				CODE_SIGN_STYLE = Automatic;
				CURRENT_PROJECT_VERSION = 1;
				DEFINES_MODULE = YES;
				DEVELOPMENT_TEAM = NN8SQ2H3KG;
				DYLIB_COMPATIBILITY_VERSION = 1;
				DYLIB_CURRENT_VERSION = 1;
				DYLIB_INSTALL_NAME_BASE = "@rpath";
				GENERATE_INFOPLIST_FILE = YES;
				INFOPLIST_KEY_NSHumanReadableCopyright = "";
				INSTALL_PATH = "$(LOCAL_LIBRARY_DIR)/Frameworks";
				LD_RUNPATH_SEARCH_PATHS = (
					"$(inherited)",
					"@executable_path/Frameworks",
					"@loader_path/Frameworks",
				);
				MARKETING_VERSION = 1.0;
				PRODUCT_BUNDLE_IDENTIFIER = com.ratchata.Core;
				PRODUCT_NAME = "$(TARGET_NAME:c99extidentifier)";
				SKIP_INSTALL = YES;
				SWIFT_EMIT_LOC_STRINGS = YES;
				SWIFT_VERSION = 5.0;
				TARGETED_DEVICE_FAMILY = "1,2";
			};
			name = Release;
		};
		E8D253F6292E11E0006FF6DD /* Debug */ = {
			isa = XCBuildConfiguration;
			buildSettings = {
				ALWAYS_EMBED_SWIFT_STANDARD_LIBRARIES = YES;
				CODE_SIGN_STYLE = Automatic;
				CURRENT_PROJECT_VERSION = 1;
				DEVELOPMENT_TEAM = NN8SQ2H3KG;
				GENERATE_INFOPLIST_FILE = YES;
				MARKETING_VERSION = 1.0;
				PRODUCT_BUNDLE_IDENTIFIER = com.ratchata.CoreTests;
				PRODUCT_NAME = "$(TARGET_NAME)";
				SWIFT_EMIT_LOC_STRINGS = NO;
				SWIFT_VERSION = 5.0;
				TARGETED_DEVICE_FAMILY = "1,2";
			};
			name = Debug;
		};
		E8D253F7292E11E0006FF6DD /* Release */ = {
			isa = XCBuildConfiguration;
			buildSettings = {
				ALWAYS_EMBED_SWIFT_STANDARD_LIBRARIES = YES;
				CODE_SIGN_STYLE = Automatic;
				CURRENT_PROJECT_VERSION = 1;
				DEVELOPMENT_TEAM = NN8SQ2H3KG;
				GENERATE_INFOPLIST_FILE = YES;
				MARKETING_VERSION = 1.0;
				PRODUCT_BUNDLE_IDENTIFIER = com.ratchata.CoreTests;
				PRODUCT_NAME = "$(TARGET_NAME)";
				SWIFT_EMIT_LOC_STRINGS = NO;
				SWIFT_VERSION = 5.0;
				TARGETED_DEVICE_FAMILY = "1,2";
			};
			name = Release;
		};
/* End XCBuildConfiguration section */

/* Begin XCConfigurationList section */
		E8D253D8292E11E0006FF6DD /* Build configuration list for PBXProject "Core" */ = {
			isa = XCConfigurationList;
			buildConfigurations = (
				E8D253F0292E11E0006FF6DD /* Debug */,
				E8D253F1292E11E0006FF6DD /* Release */,
			);
			defaultConfigurationIsVisible = 0;
			defaultConfigurationName = Release;
		};
		E8D253F2292E11E0006FF6DD /* Build configuration list for PBXNativeTarget "Core" */ = {
			isa = XCConfigurationList;
			buildConfigurations = (
				E8D253F3292E11E0006FF6DD /* Debug */,
				E8D253F4292E11E0006FF6DD /* Release */,
			);
			defaultConfigurationIsVisible = 0;
			defaultConfigurationName = Release;
		};
		E8D253F5292E11E0006FF6DD /* Build configuration list for PBXNativeTarget "CoreTests" */ = {
			isa = XCConfigurationList;
			buildConfigurations = (
				E8D253F6292E11E0006FF6DD /* Debug */,
				E8D253F7292E11E0006FF6DD /* Release */,
			);
			defaultConfigurationIsVisible = 0;
			defaultConfigurationName = Release;
		};
/* End XCConfigurationList section */
	};
	rootObject = E8D253D5292E11E0006FF6DD /* Project object */;
}
