// !$*UTF8*$!
{
	archiveVersion = 1;
	classes = {
	};
	objectVersion = 55;
	objects = {

/* Begin PBXBuildFile section */
		2AB4E8A3EAAD6C0B6081934E /* Pods_MockLineMan_MockLineManUITests.framework in Frameworks */ = {isa = PBXBuildFile; fileRef = E5B30B967F23123ABE725497 /* Pods_MockLineMan_MockLineManUITests.framework */; };
		440BE97391CB810160B0F6D3 /* Pods_MockLineMan.framework in Frameworks */ = {isa = PBXBuildFile; fileRef = 0C430EF7EAEAEFD56C908F7F /* Pods_MockLineMan.framework */; };
		6EC56EC020F85BA2B5B22615 /* Pods_MockLineManTests.framework in Frameworks */ = {isa = PBXBuildFile; fileRef = 94229E21303DFEE37AD073C9 /* Pods_MockLineManTests.framework */; };
		E80DC21A292CF22B005AF35E /* AppDelegate.swift in Sources */ = {isa = PBXBuildFile; fileRef = E80DC219292CF22B005AF35E /* AppDelegate.swift */; };
		E80DC21C292CF22B005AF35E /* SceneDelegate.swift in Sources */ = {isa = PBXBuildFile; fileRef = E80DC21B292CF22B005AF35E /* SceneDelegate.swift */; };
		E80DC21E292CF22B005AF35E /* ViewController.swift in Sources */ = {isa = PBXBuildFile; fileRef = E80DC21D292CF22B005AF35E /* ViewController.swift */; };
		E80DC221292CF22B005AF35E /* Main.storyboard in Resources */ = {isa = PBXBuildFile; fileRef = E80DC21F292CF22B005AF35E /* Main.storyboard */; };
		E80DC224292CF22B005AF35E /* MockLineMan.xcdatamodeld in Sources */ = {isa = PBXBuildFile; fileRef = E80DC222292CF22B005AF35E /* MockLineMan.xcdatamodeld */; };
		E80DC226292CF230005AF35E /* Assets.xcassets in Resources */ = {isa = PBXBuildFile; fileRef = E80DC225292CF230005AF35E /* Assets.xcassets */; };
		E80DC229292CF230005AF35E /* LaunchScreen.storyboard in Resources */ = {isa = PBXBuildFile; fileRef = E80DC227292CF230005AF35E /* LaunchScreen.storyboard */; };
		E80DC234292CF230005AF35E /* MockLineManTests.swift in Sources */ = {isa = PBXBuildFile; fileRef = E80DC233292CF230005AF35E /* MockLineManTests.swift */; };
		E80DC23E292CF230005AF35E /* MockLineManUITests.swift in Sources */ = {isa = PBXBuildFile; fileRef = E80DC23D292CF230005AF35E /* MockLineManUITests.swift */; };
		E80DC240292CF230005AF35E /* MockLineManUITestsLaunchTests.swift in Sources */ = {isa = PBXBuildFile; fileRef = E80DC23F292CF230005AF35E /* MockLineManUITestsLaunchTests.swift */; };
		E80DC250292CF537005AF35E /* InitialPageViewController.swift in Sources */ = {isa = PBXBuildFile; fileRef = E80DC24F292CF537005AF35E /* InitialPageViewController.swift */; };
		E80DC251292CF537005AF35E /* InitialPageViewController.swift in Sources */ = {isa = PBXBuildFile; fileRef = E80DC24F292CF537005AF35E /* InitialPageViewController.swift */; };
		E80DC254292CF551005AF35E /* InitialPageView.storyboard in Resources */ = {isa = PBXBuildFile; fileRef = E80DC253292CF551005AF35E /* InitialPageView.storyboard */; };
		E80DC255292CF551005AF35E /* InitialPageView.storyboard in Resources */ = {isa = PBXBuildFile; fileRef = E80DC253292CF551005AF35E /* InitialPageView.storyboard */; };
		E80DC258292CF5E0005AF35E /* Assets.xcassets in Resources */ = {isa = PBXBuildFile; fileRef = E80DC257292CF5E0005AF35E /* Assets.xcassets */; };
		E80DC259292CF5E0005AF35E /* Assets.xcassets in Resources */ = {isa = PBXBuildFile; fileRef = E80DC257292CF5E0005AF35E /* Assets.xcassets */; };
		E859E0A7292E349200759379 /* HomePageScene.swift in Sources */ = {isa = PBXBuildFile; fileRef = E859E0A6292E349200759379 /* HomePageScene.swift */; };
		E8A3B34F292E9E0700566B12 /* Taxi.framework in Copy Frameworks */ = {isa = PBXBuildFile; fileRef = E8A3B34E292E9E0700566B12 /* Taxi.framework */; settings = {ATTRIBUTES = (CodeSignOnCopy, RemoveHeadersOnCopy, ); }; };
		E8A3B351292E9E4100566B12 /* TaxiScene.swift in Sources */ = {isa = PBXBuildFile; fileRef = E8A3B350292E9E4100566B12 /* TaxiScene.swift */; };
		E8D25404292E1900006FF6DD /* Core.framework in Copy Frameworks */ = {isa = PBXBuildFile; fileRef = E8D25403292E1900006FF6DD /* Core.framework */; settings = {ATTRIBUTES = (CodeSignOnCopy, RemoveHeadersOnCopy, ); }; };
		E8D87719292E9A390014DACD /* Delivery.framework in Copy Frameworks */ = {isa = PBXBuildFile; fileRef = E8D87718292E9A390014DACD /* Delivery.framework */; settings = {ATTRIBUTES = (CodeSignOnCopy, RemoveHeadersOnCopy, ); }; };
		E8D87723292E9BCF0014DACD /* DeliveryScene.swift in Sources */ = {isa = PBXBuildFile; fileRef = E8D87722292E9BCF0014DACD /* DeliveryScene.swift */; };
		E8F3AD99292E2D29007E5602 /* HomePage.framework in Copy Frameworks */ = {isa = PBXBuildFile; fileRef = E8F3AD98292E2D29007E5602 /* HomePage.framework */; settings = {ATTRIBUTES = (CodeSignOnCopy, RemoveHeadersOnCopy, ); }; };
/* End PBXBuildFile section */

/* Begin PBXContainerItemProxy section */
		E80DC230292CF230005AF35E /* PBXContainerItemProxy */ = {
			isa = PBXContainerItemProxy;
			containerPortal = E80DC20E292CF22B005AF35E /* Project object */;
			proxyType = 1;
			remoteGlobalIDString = E80DC215292CF22B005AF35E;
			remoteInfo = MockLineMan;
		};
		E80DC23A292CF230005AF35E /* PBXContainerItemProxy */ = {
			isa = PBXContainerItemProxy;
			containerPortal = E80DC20E292CF22B005AF35E /* Project object */;
			proxyType = 1;
			remoteGlobalIDString = E80DC215292CF22B005AF35E;
			remoteInfo = MockLineMan;
		};
/* End PBXContainerItemProxy section */

/* Begin PBXCopyFilesBuildPhase section */
		E80DC296292CFA72005AF35E /* Copy Frameworks */ = {
			isa = PBXCopyFilesBuildPhase;
			buildActionMask = 2147483647;
			dstPath = "";
			dstSubfolderSpec = 10;
			files = (
				E8A3B34F292E9E0700566B12 /* Taxi.framework in Copy Frameworks */,
				E8D25404292E1900006FF6DD /* Core.framework in Copy Frameworks */,
				E8F3AD99292E2D29007E5602 /* HomePage.framework in Copy Frameworks */,
				E8D87719292E9A390014DACD /* Delivery.framework in Copy Frameworks */,
			);
			name = "Copy Frameworks";
			runOnlyForDeploymentPostprocessing = 0;
		};
/* End PBXCopyFilesBuildPhase section */

/* Begin PBXFileReference section */
		0631A09CC6F836AEFA292F4E /* Pods-MockLineManTests.debug.xcconfig */ = {isa = PBXFileReference; includeInIndex = 1; lastKnownFileType = text.xcconfig; name = "Pods-MockLineManTests.debug.xcconfig"; path = "Target Support Files/Pods-MockLineManTests/Pods-MockLineManTests.debug.xcconfig"; sourceTree = "<group>"; };
		082D6EAEA68A1250BB6BBA46 /* Pods-MockLineMan-MockLineManUITests.debug.xcconfig */ = {isa = PBXFileReference; includeInIndex = 1; lastKnownFileType = text.xcconfig; name = "Pods-MockLineMan-MockLineManUITests.debug.xcconfig"; path = "Target Support Files/Pods-MockLineMan-MockLineManUITests/Pods-MockLineMan-MockLineManUITests.debug.xcconfig"; sourceTree = "<group>"; };
		0A1BE7579777FB39BAEEE3A6 /* Pods-MockLineMan.release.xcconfig */ = {isa = PBXFileReference; includeInIndex = 1; lastKnownFileType = text.xcconfig; name = "Pods-MockLineMan.release.xcconfig"; path = "Target Support Files/Pods-MockLineMan/Pods-MockLineMan.release.xcconfig"; sourceTree = "<group>"; };
		0C430EF7EAEAEFD56C908F7F /* Pods_MockLineMan.framework */ = {isa = PBXFileReference; explicitFileType = wrapper.framework; includeInIndex = 0; path = Pods_MockLineMan.framework; sourceTree = BUILT_PRODUCTS_DIR; };
		1DFBEA4E1C4BFDEA2F60AA17 /* Pods-MockLineMan-MockLineManUITests.release.xcconfig */ = {isa = PBXFileReference; includeInIndex = 1; lastKnownFileType = text.xcconfig; name = "Pods-MockLineMan-MockLineManUITests.release.xcconfig"; path = "Target Support Files/Pods-MockLineMan-MockLineManUITests/Pods-MockLineMan-MockLineManUITests.release.xcconfig"; sourceTree = "<group>"; };
		228D2B779BA36302AA40F115 /* Pods-MockLineManTests.release.xcconfig */ = {isa = PBXFileReference; includeInIndex = 1; lastKnownFileType = text.xcconfig; name = "Pods-MockLineManTests.release.xcconfig"; path = "Target Support Files/Pods-MockLineManTests/Pods-MockLineManTests.release.xcconfig"; sourceTree = "<group>"; };
		91A069F5EF0F797EA745E8A6 /* Pods-MockLineMan.debug.xcconfig */ = {isa = PBXFileReference; includeInIndex = 1; lastKnownFileType = text.xcconfig; name = "Pods-MockLineMan.debug.xcconfig"; path = "Target Support Files/Pods-MockLineMan/Pods-MockLineMan.debug.xcconfig"; sourceTree = "<group>"; };
		94229E21303DFEE37AD073C9 /* Pods_MockLineManTests.framework */ = {isa = PBXFileReference; explicitFileType = wrapper.framework; includeInIndex = 0; path = Pods_MockLineManTests.framework; sourceTree = BUILT_PRODUCTS_DIR; };
		E5B30B967F23123ABE725497 /* Pods_MockLineMan_MockLineManUITests.framework */ = {isa = PBXFileReference; explicitFileType = wrapper.framework; includeInIndex = 0; path = Pods_MockLineMan_MockLineManUITests.framework; sourceTree = BUILT_PRODUCTS_DIR; };
		E80DC216292CF22B005AF35E /* MockLineMan.app */ = {isa = PBXFileReference; explicitFileType = wrapper.application; includeInIndex = 0; path = MockLineMan.app; sourceTree = BUILT_PRODUCTS_DIR; };
		E80DC219292CF22B005AF35E /* AppDelegate.swift */ = {isa = PBXFileReference; lastKnownFileType = sourcecode.swift; path = AppDelegate.swift; sourceTree = "<group>"; };
		E80DC21B292CF22B005AF35E /* SceneDelegate.swift */ = {isa = PBXFileReference; lastKnownFileType = sourcecode.swift; path = SceneDelegate.swift; sourceTree = "<group>"; };
		E80DC21D292CF22B005AF35E /* ViewController.swift */ = {isa = PBXFileReference; lastKnownFileType = sourcecode.swift; path = ViewController.swift; sourceTree = "<group>"; };
		E80DC220292CF22B005AF35E /* Base */ = {isa = PBXFileReference; lastKnownFileType = file.storyboard; name = Base; path = Base.lproj/Main.storyboard; sourceTree = "<group>"; };
		E80DC223292CF22B005AF35E /* MockLineMan.xcdatamodel */ = {isa = PBXFileReference; lastKnownFileType = wrapper.xcdatamodel; path = MockLineMan.xcdatamodel; sourceTree = "<group>"; };
		E80DC225292CF230005AF35E /* Assets.xcassets */ = {isa = PBXFileReference; lastKnownFileType = folder.assetcatalog; path = Assets.xcassets; sourceTree = "<group>"; };
		E80DC228292CF230005AF35E /* Base */ = {isa = PBXFileReference; lastKnownFileType = file.storyboard; name = Base; path = Base.lproj/LaunchScreen.storyboard; sourceTree = "<group>"; };
		E80DC22A292CF230005AF35E /* Info.plist */ = {isa = PBXFileReference; lastKnownFileType = text.plist.xml; path = Info.plist; sourceTree = "<group>"; };
		E80DC22F292CF230005AF35E /* MockLineManTests.xctest */ = {isa = PBXFileReference; explicitFileType = wrapper.cfbundle; includeInIndex = 0; path = MockLineManTests.xctest; sourceTree = BUILT_PRODUCTS_DIR; };
		E80DC233292CF230005AF35E /* MockLineManTests.swift */ = {isa = PBXFileReference; lastKnownFileType = sourcecode.swift; path = MockLineManTests.swift; sourceTree = "<group>"; };
		E80DC239292CF230005AF35E /* MockLineManUITests.xctest */ = {isa = PBXFileReference; explicitFileType = wrapper.cfbundle; includeInIndex = 0; path = MockLineManUITests.xctest; sourceTree = BUILT_PRODUCTS_DIR; };
		E80DC23D292CF230005AF35E /* MockLineManUITests.swift */ = {isa = PBXFileReference; lastKnownFileType = sourcecode.swift; path = MockLineManUITests.swift; sourceTree = "<group>"; };
		E80DC23F292CF230005AF35E /* MockLineManUITestsLaunchTests.swift */ = {isa = PBXFileReference; lastKnownFileType = sourcecode.swift; path = MockLineManUITestsLaunchTests.swift; sourceTree = "<group>"; };
		E80DC24F292CF537005AF35E /* InitialPageViewController.swift */ = {isa = PBXFileReference; lastKnownFileType = sourcecode.swift; path = InitialPageViewController.swift; sourceTree = "<group>"; };
		E80DC253292CF551005AF35E /* InitialPageView.storyboard */ = {isa = PBXFileReference; lastKnownFileType = file.storyboard; path = InitialPageView.storyboard; sourceTree = "<group>"; };
		E80DC257292CF5E0005AF35E /* Assets.xcassets */ = {isa = PBXFileReference; lastKnownFileType = folder.assetcatalog; path = Assets.xcassets; sourceTree = "<group>"; };
		E859E0A6292E349200759379 /* HomePageScene.swift */ = {isa = PBXFileReference; lastKnownFileType = sourcecode.swift; path = HomePageScene.swift; sourceTree = "<group>"; };
		E8A3B34E292E9E0700566B12 /* Taxi.framework */ = {isa = PBXFileReference; lastKnownFileType = wrapper.framework; name = Taxi.framework; path = "../../../Library/Developer/Xcode/DerivedData/MockLineMan-ahvmmgeddypcnffqyahrkohpqcxn/Build/Products/Debug-iphonesimulator/Taxi.framework"; sourceTree = "<group>"; };
		E8A3B350292E9E4100566B12 /* TaxiScene.swift */ = {isa = PBXFileReference; lastKnownFileType = sourcecode.swift; path = TaxiScene.swift; sourceTree = "<group>"; };
		E8D25403292E1900006FF6DD /* Core.framework */ = {isa = PBXFileReference; lastKnownFileType = wrapper.framework; name = Core.framework; path = "../../../Library/Developer/Xcode/DerivedData/MockLineMan-ahvmmgeddypcnffqyahrkohpqcxn/Build/Products/Debug-iphonesimulator/Core.framework"; sourceTree = "<group>"; };
		E8D87718292E9A390014DACD /* Delivery.framework */ = {isa = PBXFileReference; lastKnownFileType = wrapper.framework; name = Delivery.framework; path = "../../../Library/Developer/Xcode/DerivedData/MockLineMan-ahvmmgeddypcnffqyahrkohpqcxn/Build/Products/Debug-iphonesimulator/Delivery.framework"; sourceTree = "<group>"; };
		E8D87722292E9BCF0014DACD /* DeliveryScene.swift */ = {isa = PBXFileReference; lastKnownFileType = sourcecode.swift; path = DeliveryScene.swift; sourceTree = "<group>"; };
		E8F3AD98292E2D29007E5602 /* HomePage.framework */ = {isa = PBXFileReference; lastKnownFileType = wrapper.framework; name = HomePage.framework; path = "../../../Library/Developer/Xcode/DerivedData/MockLineMan-ahvmmgeddypcnffqyahrkohpqcxn/Build/Products/Debug-iphonesimulator/HomePage.framework"; sourceTree = "<group>"; };
/* End PBXFileReference section */

/* Begin PBXFrameworksBuildPhase section */
		E80DC213292CF22B005AF35E /* Frameworks */ = {
			isa = PBXFrameworksBuildPhase;
			buildActionMask = 2147483647;
			files = (
				440BE97391CB810160B0F6D3 /* Pods_MockLineMan.framework in Frameworks */,
			);
			runOnlyForDeploymentPostprocessing = 0;
		};
		E80DC22C292CF230005AF35E /* Frameworks */ = {
			isa = PBXFrameworksBuildPhase;
			buildActionMask = 2147483647;
			files = (
				6EC56EC020F85BA2B5B22615 /* Pods_MockLineManTests.framework in Frameworks */,
			);
			runOnlyForDeploymentPostprocessing = 0;
		};
		E80DC236292CF230005AF35E /* Frameworks */ = {
			isa = PBXFrameworksBuildPhase;
			buildActionMask = 2147483647;
			files = (
				2AB4E8A3EAAD6C0B6081934E /* Pods_MockLineMan_MockLineManUITests.framework in Frameworks */,
			);
			runOnlyForDeploymentPostprocessing = 0;
		};
/* End PBXFrameworksBuildPhase section */

/* Begin PBXGroup section */
		17B7A3CF23619FBDAE35D47C /* Frameworks */ = {
			isa = PBXGroup;
			children = (
				0C430EF7EAEAEFD56C908F7F /* Pods_MockLineMan.framework */,
				E5B30B967F23123ABE725497 /* Pods_MockLineMan_MockLineManUITests.framework */,
				94229E21303DFEE37AD073C9 /* Pods_MockLineManTests.framework */,
			);
			name = Frameworks;
			sourceTree = "<group>";
		};
		6004CA7FFF8A4683336779AC /* Pods */ = {
			isa = PBXGroup;
			children = (
				91A069F5EF0F797EA745E8A6 /* Pods-MockLineMan.debug.xcconfig */,
				0A1BE7579777FB39BAEEE3A6 /* Pods-MockLineMan.release.xcconfig */,
				082D6EAEA68A1250BB6BBA46 /* Pods-MockLineMan-MockLineManUITests.debug.xcconfig */,
				1DFBEA4E1C4BFDEA2F60AA17 /* Pods-MockLineMan-MockLineManUITests.release.xcconfig */,
				0631A09CC6F836AEFA292F4E /* Pods-MockLineManTests.debug.xcconfig */,
				228D2B779BA36302AA40F115 /* Pods-MockLineManTests.release.xcconfig */,
			);
			path = Pods;
			sourceTree = "<group>";
		};
		E80DC20D292CF22B005AF35E = {
			isa = PBXGroup;
			children = (
				E8A3B34E292E9E0700566B12 /* Taxi.framework */,
				E8D87718292E9A390014DACD /* Delivery.framework */,
				E8F3AD98292E2D29007E5602 /* HomePage.framework */,
				E8D25403292E1900006FF6DD /* Core.framework */,
				E80DC218292CF22B005AF35E /* MockLineMan */,
				E80DC232292CF230005AF35E /* MockLineManTests */,
				E80DC23C292CF230005AF35E /* MockLineManUITests */,
				E80DC217292CF22B005AF35E /* Products */,
				6004CA7FFF8A4683336779AC /* Pods */,
				17B7A3CF23619FBDAE35D47C /* Frameworks */,
			);
			sourceTree = "<group>";
		};
		E80DC217292CF22B005AF35E /* Products */ = {
			isa = PBXGroup;
			children = (
				E80DC216292CF22B005AF35E /* MockLineMan.app */,
				E80DC22F292CF230005AF35E /* MockLineManTests.xctest */,
				E80DC239292CF230005AF35E /* MockLineManUITests.xctest */,
			);
			name = Products;
			sourceTree = "<group>";
		};
		E80DC218292CF22B005AF35E /* MockLineMan */ = {
			isa = PBXGroup;
			children = (
				E859E0A5292E347D00759379 /* Navigation */,
				E80DC256292CF5C2005AF35E /* Assets */,
				E80DC24C292CF4E7005AF35E /* Scenes */,
				E80DC219292CF22B005AF35E /* AppDelegate.swift */,
				E80DC21B292CF22B005AF35E /* SceneDelegate.swift */,
				E80DC21D292CF22B005AF35E /* ViewController.swift */,
				E80DC21F292CF22B005AF35E /* Main.storyboard */,
				E80DC225292CF230005AF35E /* Assets.xcassets */,
				E80DC227292CF230005AF35E /* LaunchScreen.storyboard */,
				E80DC22A292CF230005AF35E /* Info.plist */,
				E80DC222292CF22B005AF35E /* MockLineMan.xcdatamodeld */,
			);
			path = MockLineMan;
			sourceTree = "<group>";
		};
		E80DC232292CF230005AF35E /* MockLineManTests */ = {
			isa = PBXGroup;
			children = (
				E80DC233292CF230005AF35E /* MockLineManTests.swift */,
			);
			path = MockLineManTests;
			sourceTree = "<group>";
		};
		E80DC23C292CF230005AF35E /* MockLineManUITests */ = {
			isa = PBXGroup;
			children = (
				E80DC23D292CF230005AF35E /* MockLineManUITests.swift */,
				E80DC23F292CF230005AF35E /* MockLineManUITestsLaunchTests.swift */,
			);
			path = MockLineManUITests;
			sourceTree = "<group>";
		};
		E80DC24C292CF4E7005AF35E /* Scenes */ = {
			isa = PBXGroup;
			children = (
				E80DC24D292CF50F005AF35E /* InitialPage */,
			);
			path = Scenes;
			sourceTree = "<group>";
		};
		E80DC24D292CF50F005AF35E /* InitialPage */ = {
			isa = PBXGroup;
			children = (
				E80DC252292CF541005AF35E /* View */,
				E80DC24E292CF51D005AF35E /* ViewController */,
			);
			path = InitialPage;
			sourceTree = "<group>";
		};
		E80DC24E292CF51D005AF35E /* ViewController */ = {
			isa = PBXGroup;
			children = (
				E80DC24F292CF537005AF35E /* InitialPageViewController.swift */,
			);
			path = ViewController;
			sourceTree = "<group>";
		};
		E80DC252292CF541005AF35E /* View */ = {
			isa = PBXGroup;
			children = (
				E80DC253292CF551005AF35E /* InitialPageView.storyboard */,
			);
			path = View;
			sourceTree = "<group>";
		};
		E80DC256292CF5C2005AF35E /* Assets */ = {
			isa = PBXGroup;
			children = (
				E80DC257292CF5E0005AF35E /* Assets.xcassets */,
			);
			path = Assets;
			sourceTree = "<group>";
		};
		E859E0A5292E347D00759379 /* Navigation */ = {
			isa = PBXGroup;
			children = (
				E859E0A6292E349200759379 /* HomePageScene.swift */,
				E8D87722292E9BCF0014DACD /* DeliveryScene.swift */,
				E8A3B350292E9E4100566B12 /* TaxiScene.swift */,
			);
			path = Navigation;
			sourceTree = "<group>";
		};
/* End PBXGroup section */

/* Begin PBXNativeTarget section */
		E80DC215292CF22B005AF35E /* MockLineMan */ = {
			isa = PBXNativeTarget;
			buildConfigurationList = E80DC243292CF230005AF35E /* Build configuration list for PBXNativeTarget "MockLineMan" */;
			buildPhases = (
				B423699699CF6978D0A00D87 /* [CP] Check Pods Manifest.lock */,
				E80DC212292CF22B005AF35E /* Sources */,
				E80DC213292CF22B005AF35E /* Frameworks */,
				E80DC214292CF22B005AF35E /* Resources */,
				E80DC296292CFA72005AF35E /* Copy Frameworks */,
				5C155FC768EED418C23BC2D3 /* [CP] Embed Pods Frameworks */,
			);
			buildRules = (
			);
			dependencies = (
			);
			name = MockLineMan;
			productName = MockLineMan;
			productReference = E80DC216292CF22B005AF35E /* MockLineMan.app */;
			productType = "com.apple.product-type.application";
		};
		E80DC22E292CF230005AF35E /* MockLineManTests */ = {
			isa = PBXNativeTarget;
			buildConfigurationList = E80DC246292CF230005AF35E /* Build configuration list for PBXNativeTarget "MockLineManTests" */;
			buildPhases = (
				7D65EAC6993759612F65278A /* [CP] Check Pods Manifest.lock */,
				E80DC22B292CF230005AF35E /* Sources */,
				E80DC22C292CF230005AF35E /* Frameworks */,
				E80DC22D292CF230005AF35E /* Resources */,
			);
			buildRules = (
			);
			dependencies = (
				E80DC231292CF230005AF35E /* PBXTargetDependency */,
			);
			name = MockLineManTests;
			productName = MockLineManTests;
			productReference = E80DC22F292CF230005AF35E /* MockLineManTests.xctest */;
			productType = "com.apple.product-type.bundle.unit-test";
		};
		E80DC238292CF230005AF35E /* MockLineManUITests */ = {
			isa = PBXNativeTarget;
			buildConfigurationList = E80DC249292CF230005AF35E /* Build configuration list for PBXNativeTarget "MockLineManUITests" */;
			buildPhases = (
				CA8124A391DE5816B6C46482 /* [CP] Check Pods Manifest.lock */,
				E80DC235292CF230005AF35E /* Sources */,
				E80DC236292CF230005AF35E /* Frameworks */,
				E80DC237292CF230005AF35E /* Resources */,
				B98437D28CCDF65B2CA533D6 /* [CP] Embed Pods Frameworks */,
			);
			buildRules = (
			);
			dependencies = (
				E80DC23B292CF230005AF35E /* PBXTargetDependency */,
			);
			name = MockLineManUITests;
			productName = MockLineManUITests;
			productReference = E80DC239292CF230005AF35E /* MockLineManUITests.xctest */;
			productType = "com.apple.product-type.bundle.ui-testing";
		};
/* End PBXNativeTarget section */

/* Begin PBXProject section */
		E80DC20E292CF22B005AF35E /* Project object */ = {
			isa = PBXProject;
			attributes = {
				BuildIndependentTargetsInParallel = 1;
				LastSwiftUpdateCheck = 1330;
				LastUpgradeCheck = 1330;
				TargetAttributes = {
					E80DC215292CF22B005AF35E = {
						CreatedOnToolsVersion = 13.3.1;
					};
					E80DC22E292CF230005AF35E = {
						CreatedOnToolsVersion = 13.3.1;
						TestTargetID = E80DC215292CF22B005AF35E;
					};
					E80DC238292CF230005AF35E = {
						CreatedOnToolsVersion = 13.3.1;
						TestTargetID = E80DC215292CF22B005AF35E;
					};
				};
			};
			buildConfigurationList = E80DC211292CF22B005AF35E /* Build configuration list for PBXProject "MockLineMan" */;
			compatibilityVersion = "Xcode 13.0";
			developmentRegion = en;
			hasScannedForEncodings = 0;
			knownRegions = (
				en,
				Base,
			);
			mainGroup = E80DC20D292CF22B005AF35E;
			productRefGroup = E80DC217292CF22B005AF35E /* Products */;
			projectDirPath = "";
			projectRoot = "";
			targets = (
				E80DC215292CF22B005AF35E /* MockLineMan */,
				E80DC22E292CF230005AF35E /* MockLineManTests */,
				E80DC238292CF230005AF35E /* MockLineManUITests */,
			);
		};
/* End PBXProject section */

/* Begin PBXResourcesBuildPhase section */
		E80DC214292CF22B005AF35E /* Resources */ = {
			isa = PBXResourcesBuildPhase;
			buildActionMask = 2147483647;
			files = (
				E80DC229292CF230005AF35E /* LaunchScreen.storyboard in Resources */,
				E80DC226292CF230005AF35E /* Assets.xcassets in Resources */,
				E80DC221292CF22B005AF35E /* Main.storyboard in Resources */,
				E80DC254292CF551005AF35E /* InitialPageView.storyboard in Resources */,
				E80DC258292CF5E0005AF35E /* Assets.xcassets in Resources */,
			);
			runOnlyForDeploymentPostprocessing = 0;
		};
		E80DC22D292CF230005AF35E /* Resources */ = {
			isa = PBXResourcesBuildPhase;
			buildActionMask = 2147483647;
			files = (
			);
			runOnlyForDeploymentPostprocessing = 0;
		};
		E80DC237292CF230005AF35E /* Resources */ = {
			isa = PBXResourcesBuildPhase;
			buildActionMask = 2147483647;
			files = (
				E80DC259292CF5E0005AF35E /* Assets.xcassets in Resources */,
				E80DC255292CF551005AF35E /* InitialPageView.storyboard in Resources */,
			);
			runOnlyForDeploymentPostprocessing = 0;
		};
/* End PBXResourcesBuildPhase section */

/* Begin PBXShellScriptBuildPhase section */
		5C155FC768EED418C23BC2D3 /* [CP] Embed Pods Frameworks */ = {
			isa = PBXShellScriptBuildPhase;
			buildActionMask = 2147483647;
			files = (
			);
			inputFileListPaths = (
				"${PODS_ROOT}/Target Support Files/Pods-MockLineMan/Pods-MockLineMan-frameworks-${CONFIGURATION}-input-files.xcfilelist",
			);
			name = "[CP] Embed Pods Frameworks";
			outputFileListPaths = (
				"${PODS_ROOT}/Target Support Files/Pods-MockLineMan/Pods-MockLineMan-frameworks-${CONFIGURATION}-output-files.xcfilelist",
			);
			runOnlyForDeploymentPostprocessing = 0;
			shellPath = /bin/sh;
			shellScript = "\"${PODS_ROOT}/Target Support Files/Pods-MockLineMan/Pods-MockLineMan-frameworks.sh\"\n";
			showEnvVarsInLog = 0;
		};
		7D65EAC6993759612F65278A /* [CP] Check Pods Manifest.lock */ = {
			isa = PBXShellScriptBuildPhase;
			buildActionMask = 2147483647;
			files = (
			);
			inputFileListPaths = (
			);
			inputPaths = (
				"${PODS_PODFILE_DIR_PATH}/Podfile.lock",
				"${PODS_ROOT}/Manifest.lock",
			);
			name = "[CP] Check Pods Manifest.lock";
			outputFileListPaths = (
			);
			outputPaths = (
				"$(DERIVED_FILE_DIR)/Pods-MockLineManTests-checkManifestLockResult.txt",
			);
			runOnlyForDeploymentPostprocessing = 0;
			shellPath = /bin/sh;
			shellScript = "diff \"${PODS_PODFILE_DIR_PATH}/Podfile.lock\" \"${PODS_ROOT}/Manifest.lock\" > /dev/null\nif [ $? != 0 ] ; then\n    # print error to STDERR\n    echo \"error: The sandbox is not in sync with the Podfile.lock. Run 'pod install' or update your CocoaPods installation.\" >&2\n    exit 1\nfi\n# This output is used by Xcode 'outputs' to avoid re-running this script phase.\necho \"SUCCESS\" > \"${SCRIPT_OUTPUT_FILE_0}\"\n";
			showEnvVarsInLog = 0;
		};
		B423699699CF6978D0A00D87 /* [CP] Check Pods Manifest.lock */ = {
			isa = PBXShellScriptBuildPhase;
			buildActionMask = 2147483647;
			files = (
			);
			inputFileListPaths = (
			);
			inputPaths = (
				"${PODS_PODFILE_DIR_PATH}/Podfile.lock",
				"${PODS_ROOT}/Manifest.lock",
			);
			name = "[CP] Check Pods Manifest.lock";
			outputFileListPaths = (
			);
			outputPaths = (
				"$(DERIVED_FILE_DIR)/Pods-MockLineMan-checkManifestLockResult.txt",
			);
			runOnlyForDeploymentPostprocessing = 0;
			shellPath = /bin/sh;
			shellScript = "diff \"${PODS_PODFILE_DIR_PATH}/Podfile.lock\" \"${PODS_ROOT}/Manifest.lock\" > /dev/null\nif [ $? != 0 ] ; then\n    # print error to STDERR\n    echo \"error: The sandbox is not in sync with the Podfile.lock. Run 'pod install' or update your CocoaPods installation.\" >&2\n    exit 1\nfi\n# This output is used by Xcode 'outputs' to avoid re-running this script phase.\necho \"SUCCESS\" > \"${SCRIPT_OUTPUT_FILE_0}\"\n";
			showEnvVarsInLog = 0;
		};
		B98437D28CCDF65B2CA533D6 /* [CP] Embed Pods Frameworks */ = {
			isa = PBXShellScriptBuildPhase;
			buildActionMask = 2147483647;
			files = (
			);
			inputFileListPaths = (
				"${PODS_ROOT}/Target Support Files/Pods-MockLineMan-MockLineManUITests/Pods-MockLineMan-MockLineManUITests-frameworks-${CONFIGURATION}-input-files.xcfilelist",
			);
			name = "[CP] Embed Pods Frameworks";
			outputFileListPaths = (
				"${PODS_ROOT}/Target Support Files/Pods-MockLineMan-MockLineManUITests/Pods-MockLineMan-MockLineManUITests-frameworks-${CONFIGURATION}-output-files.xcfilelist",
			);
			runOnlyForDeploymentPostprocessing = 0;
			shellPath = /bin/sh;
			shellScript = "\"${PODS_ROOT}/Target Support Files/Pods-MockLineMan-MockLineManUITests/Pods-MockLineMan-MockLineManUITests-frameworks.sh\"\n";
			showEnvVarsInLog = 0;
		};
		CA8124A391DE5816B6C46482 /* [CP] Check Pods Manifest.lock */ = {
			isa = PBXShellScriptBuildPhase;
			buildActionMask = 2147483647;
			files = (
			);
			inputFileListPaths = (
			);
			inputPaths = (
				"${PODS_PODFILE_DIR_PATH}/Podfile.lock",
				"${PODS_ROOT}/Manifest.lock",
			);
			name = "[CP] Check Pods Manifest.lock";
			outputFileListPaths = (
			);
			outputPaths = (
				"$(DERIVED_FILE_DIR)/Pods-MockLineMan-MockLineManUITests-checkManifestLockResult.txt",
			);
			runOnlyForDeploymentPostprocessing = 0;
			shellPath = /bin/sh;
			shellScript = "diff \"${PODS_PODFILE_DIR_PATH}/Podfile.lock\" \"${PODS_ROOT}/Manifest.lock\" > /dev/null\nif [ $? != 0 ] ; then\n    # print error to STDERR\n    echo \"error: The sandbox is not in sync with the Podfile.lock. Run 'pod install' or update your CocoaPods installation.\" >&2\n    exit 1\nfi\n# This output is used by Xcode 'outputs' to avoid re-running this script phase.\necho \"SUCCESS\" > \"${SCRIPT_OUTPUT_FILE_0}\"\n";
			showEnvVarsInLog = 0;
		};
/* End PBXShellScriptBuildPhase section */

/* Begin PBXSourcesBuildPhase section */
		E80DC212292CF22B005AF35E /* Sources */ = {
			isa = PBXSourcesBuildPhase;
			buildActionMask = 2147483647;
			files = (
				E8D87723292E9BCF0014DACD /* DeliveryScene.swift in Sources */,
				E859E0A7292E349200759379 /* HomePageScene.swift in Sources */,
				E80DC21E292CF22B005AF35E /* ViewController.swift in Sources */,
				E80DC250292CF537005AF35E /* InitialPageViewController.swift in Sources */,
				E80DC21A292CF22B005AF35E /* AppDelegate.swift in Sources */,
				E80DC224292CF22B005AF35E /* MockLineMan.xcdatamodeld in Sources */,
				E8A3B351292E9E4100566B12 /* TaxiScene.swift in Sources */,
				E80DC21C292CF22B005AF35E /* SceneDelegate.swift in Sources */,
			);
			runOnlyForDeploymentPostprocessing = 0;
		};
		E80DC22B292CF230005AF35E /* Sources */ = {
			isa = PBXSourcesBuildPhase;
			buildActionMask = 2147483647;
			files = (
				E80DC234292CF230005AF35E /* MockLineManTests.swift in Sources */,
			);
			runOnlyForDeploymentPostprocessing = 0;
		};
		E80DC235292CF230005AF35E /* Sources */ = {
			isa = PBXSourcesBuildPhase;
			buildActionMask = 2147483647;
			files = (
				E80DC23E292CF230005AF35E /* MockLineManUITests.swift in Sources */,
				E80DC240292CF230005AF35E /* MockLineManUITestsLaunchTests.swift in Sources */,
				E80DC251292CF537005AF35E /* InitialPageViewController.swift in Sources */,
			);
			runOnlyForDeploymentPostprocessing = 0;
		};
/* End PBXSourcesBuildPhase section */

/* Begin PBXTargetDependency section */
		E80DC231292CF230005AF35E /* PBXTargetDependency */ = {
			isa = PBXTargetDependency;
			target = E80DC215292CF22B005AF35E /* MockLineMan */;
			targetProxy = E80DC230292CF230005AF35E /* PBXContainerItemProxy */;
		};
		E80DC23B292CF230005AF35E /* PBXTargetDependency */ = {
			isa = PBXTargetDependency;
			target = E80DC215292CF22B005AF35E /* MockLineMan */;
			targetProxy = E80DC23A292CF230005AF35E /* PBXContainerItemProxy */;
		};
/* End PBXTargetDependency section */

/* Begin PBXVariantGroup section */
		E80DC21F292CF22B005AF35E /* Main.storyboard */ = {
			isa = PBXVariantGroup;
			children = (
				E80DC220292CF22B005AF35E /* Base */,
			);
			name = Main.storyboard;
			sourceTree = "<group>";
		};
		E80DC227292CF230005AF35E /* LaunchScreen.storyboard */ = {
			isa = PBXVariantGroup;
			children = (
				E80DC228292CF230005AF35E /* Base */,
			);
			name = LaunchScreen.storyboard;
			sourceTree = "<group>";
		};
/* End PBXVariantGroup section */

/* Begin XCBuildConfiguration section */
		E80DC241292CF230005AF35E /* Debug */ = {
			isa = XCBuildConfiguration;
			buildSettings = {
				ALWAYS_SEARCH_USER_PATHS = NO;
				CLANG_ANALYZER_NONNULL = YES;
				CLANG_ANALYZER_NUMBER_OBJECT_CONVERSION = YES_AGGRESSIVE;
				CLANG_CXX_LANGUAGE_STANDARD = "gnu++17";
				CLANG_ENABLE_MODULES = YES;
				CLANG_ENABLE_OBJC_ARC = YES;
				CLANG_ENABLE_OBJC_WEAK = YES;
				CLANG_WARN_BLOCK_CAPTURE_AUTORELEASING = YES;
				CLANG_WARN_BOOL_CONVERSION = YES;
				CLANG_WARN_COMMA = YES;
				CLANG_WARN_CONSTANT_CONVERSION = YES;
				CLANG_WARN_DEPRECATED_OBJC_IMPLEMENTATIONS = YES;
				CLANG_WARN_DIRECT_OBJC_ISA_USAGE = YES_ERROR;
				CLANG_WARN_DOCUMENTATION_COMMENTS = YES;
				CLANG_WARN_EMPTY_BODY = YES;
				CLANG_WARN_ENUM_CONVERSION = YES;
				CLANG_WARN_INFINITE_RECURSION = YES;
				CLANG_WARN_INT_CONVERSION = YES;
				CLANG_WARN_NON_LITERAL_NULL_CONVERSION = YES;
				CLANG_WARN_OBJC_IMPLICIT_RETAIN_SELF = YES;
				CLANG_WARN_OBJC_LITERAL_CONVERSION = YES;
				CLANG_WARN_OBJC_ROOT_CLASS = YES_ERROR;
				CLANG_WARN_QUOTED_INCLUDE_IN_FRAMEWORK_HEADER = YES;
				CLANG_WARN_RANGE_LOOP_ANALYSIS = YES;
				CLANG_WARN_STRICT_PROTOTYPES = YES;
				CLANG_WARN_SUSPICIOUS_MOVE = YES;
				CLANG_WARN_UNGUARDED_AVAILABILITY = YES_AGGRESSIVE;
				CLANG_WARN_UNREACHABLE_CODE = YES;
				CLANG_WARN__DUPLICATE_METHOD_MATCH = YES;
				COPY_PHASE_STRIP = NO;
				DEBUG_INFORMATION_FORMAT = dwarf;
				ENABLE_STRICT_OBJC_MSGSEND = YES;
				ENABLE_TESTABILITY = YES;
				GCC_C_LANGUAGE_STANDARD = gnu11;
				GCC_DYNAMIC_NO_PIC = NO;
				GCC_NO_COMMON_BLOCKS = YES;
				GCC_OPTIMIZATION_LEVEL = 0;
				GCC_PREPROCESSOR_DEFINITIONS = (
					"DEBUG=1",
					"$(inherited)",
				);
				GCC_WARN_64_TO_32_BIT_CONVERSION = YES;
				GCC_WARN_ABOUT_RETURN_TYPE = YES_ERROR;
				GCC_WARN_UNDECLARED_SELECTOR = YES;
				GCC_WARN_UNINITIALIZED_AUTOS = YES_AGGRESSIVE;
				GCC_WARN_UNUSED_FUNCTION = YES;
				GCC_WARN_UNUSED_VARIABLE = YES;
				IPHONEOS_DEPLOYMENT_TARGET = 15.4;
				MTL_ENABLE_DEBUG_INFO = INCLUDE_SOURCE;
				MTL_FAST_MATH = YES;
				ONLY_ACTIVE_ARCH = YES;
				SDKROOT = iphoneos;
				SWIFT_ACTIVE_COMPILATION_CONDITIONS = DEBUG;
				SWIFT_OPTIMIZATION_LEVEL = "-Onone";
			};
			name = Debug;
		};
		E80DC242292CF230005AF35E /* Release */ = {
			isa = XCBuildConfiguration;
			buildSettings = {
				ALWAYS_SEARCH_USER_PATHS = NO;
				CLANG_ANALYZER_NONNULL = YES;
				CLANG_ANALYZER_NUMBER_OBJECT_CONVERSION = YES_AGGRESSIVE;
				CLANG_CXX_LANGUAGE_STANDARD = "gnu++17";
				CLANG_ENABLE_MODULES = YES;
				CLANG_ENABLE_OBJC_ARC = YES;
				CLANG_ENABLE_OBJC_WEAK = YES;
				CLANG_WARN_BLOCK_CAPTURE_AUTORELEASING = YES;
				CLANG_WARN_BOOL_CONVERSION = YES;
				CLANG_WARN_COMMA = YES;
				CLANG_WARN_CONSTANT_CONVERSION = YES;
				CLANG_WARN_DEPRECATED_OBJC_IMPLEMENTATIONS = YES;
				CLANG_WARN_DIRECT_OBJC_ISA_USAGE = YES_ERROR;
				CLANG_WARN_DOCUMENTATION_COMMENTS = YES;
				CLANG_WARN_EMPTY_BODY = YES;
				CLANG_WARN_ENUM_CONVERSION = YES;
				CLANG_WARN_INFINITE_RECURSION = YES;
				CLANG_WARN_INT_CONVERSION = YES;
				CLANG_WARN_NON_LITERAL_NULL_CONVERSION = YES;
				CLANG_WARN_OBJC_IMPLICIT_RETAIN_SELF = YES;
				CLANG_WARN_OBJC_LITERAL_CONVERSION = YES;
				CLANG_WARN_OBJC_ROOT_CLASS = YES_ERROR;
				CLANG_WARN_QUOTED_INCLUDE_IN_FRAMEWORK_HEADER = YES;
				CLANG_WARN_RANGE_LOOP_ANALYSIS = YES;
				CLANG_WARN_STRICT_PROTOTYPES = YES;
				CLANG_WARN_SUSPICIOUS_MOVE = YES;
				CLANG_WARN_UNGUARDED_AVAILABILITY = YES_AGGRESSIVE;
				CLANG_WARN_UNREACHABLE_CODE = YES;
				CLANG_WARN__DUPLICATE_METHOD_MATCH = YES;
				COPY_PHASE_STRIP = NO;
				DEBUG_INFORMATION_FORMAT = "dwarf-with-dsym";
				ENABLE_NS_ASSERTIONS = NO;
				ENABLE_STRICT_OBJC_MSGSEND = YES;
				GCC_C_LANGUAGE_STANDARD = gnu11;
				GCC_NO_COMMON_BLOCKS = YES;
				GCC_WARN_64_TO_32_BIT_CONVERSION = YES;
				GCC_WARN_ABOUT_RETURN_TYPE = YES_ERROR;
				GCC_WARN_UNDECLARED_SELECTOR = YES;
				GCC_WARN_UNINITIALIZED_AUTOS = YES_AGGRESSIVE;
				GCC_WARN_UNUSED_FUNCTION = YES;
				GCC_WARN_UNUSED_VARIABLE = YES;
				IPHONEOS_DEPLOYMENT_TARGET = 15.4;
				MTL_ENABLE_DEBUG_INFO = NO;
				MTL_FAST_MATH = YES;
				SDKROOT = iphoneos;
				SWIFT_COMPILATION_MODE = wholemodule;
				SWIFT_OPTIMIZATION_LEVEL = "-O";
				VALIDATE_PRODUCT = YES;
			};
			name = Release;
		};
		E80DC244292CF230005AF35E /* Debug */ = {
			isa = XCBuildConfiguration;
			baseConfigurationReference = 91A069F5EF0F797EA745E8A6 /* Pods-MockLineMan.debug.xcconfig */;
			buildSettings = {
				ASSETCATALOG_COMPILER_APPICON_NAME = AppIcon;
				ASSETCATALOG_COMPILER_GLOBAL_ACCENT_COLOR_NAME = AccentColor;
				CODE_SIGN_STYLE = Automatic;
				CURRENT_PROJECT_VERSION = 1;
				DEVELOPMENT_TEAM = NN8SQ2H3KG;
				GENERATE_INFOPLIST_FILE = YES;
				INFOPLIST_FILE = MockLineMan/Info.plist;
				INFOPLIST_KEY_UIApplicationSupportsIndirectInputEvents = YES;
				INFOPLIST_KEY_UILaunchStoryboardName = LaunchScreen;
				INFOPLIST_KEY_UIMainStoryboardFile = Main;
				INFOPLIST_KEY_UISupportedInterfaceOrientations_iPad = "UIInterfaceOrientationPortrait UIInterfaceOrientationPortraitUpsideDown UIInterfaceOrientationLandscapeLeft UIInterfaceOrientationLandscapeRight";
				INFOPLIST_KEY_UISupportedInterfaceOrientations_iPhone = "UIInterfaceOrientationPortrait UIInterfaceOrientationLandscapeLeft UIInterfaceOrientationLandscapeRight";
				LD_RUNPATH_SEARCH_PATHS = (
					"$(inherited)",
					"@executable_path/Frameworks",
				);
				MARKETING_VERSION = 1.0;
				PRODUCT_BUNDLE_IDENTIFIER = com.ratchata.MockLineMan;
				PRODUCT_NAME = "$(TARGET_NAME)";
				SWIFT_EMIT_LOC_STRINGS = YES;
				SWIFT_VERSION = 5.0;
				TARGETED_DEVICE_FAMILY = "1,2";
			};
			name = Debug;
		};
		E80DC245292CF230005AF35E /* Release */ = {
			isa = XCBuildConfiguration;
			baseConfigurationReference = 0A1BE7579777FB39BAEEE3A6 /* Pods-MockLineMan.release.xcconfig */;
			buildSettings = {
				ASSETCATALOG_COMPILER_APPICON_NAME = AppIcon;
				ASSETCATALOG_COMPILER_GLOBAL_ACCENT_COLOR_NAME = AccentColor;
				CODE_SIGN_STYLE = Automatic;
				CURRENT_PROJECT_VERSION = 1;
				DEVELOPMENT_TEAM = NN8SQ2H3KG;
				GENERATE_INFOPLIST_FILE = YES;
				INFOPLIST_FILE = MockLineMan/Info.plist;
				INFOPLIST_KEY_UIApplicationSupportsIndirectInputEvents = YES;
				INFOPLIST_KEY_UILaunchStoryboardName = LaunchScreen;
				INFOPLIST_KEY_UIMainStoryboardFile = Main;
				INFOPLIST_KEY_UISupportedInterfaceOrientations_iPad = "UIInterfaceOrientationPortrait UIInterfaceOrientationPortraitUpsideDown UIInterfaceOrientationLandscapeLeft UIInterfaceOrientationLandscapeRight";
				INFOPLIST_KEY_UISupportedInterfaceOrientations_iPhone = "UIInterfaceOrientationPortrait UIInterfaceOrientationLandscapeLeft UIInterfaceOrientationLandscapeRight";
				LD_RUNPATH_SEARCH_PATHS = (
					"$(inherited)",
					"@executable_path/Frameworks",
				);
				MARKETING_VERSION = 1.0;
				PRODUCT_BUNDLE_IDENTIFIER = com.ratchata.MockLineMan;
				PRODUCT_NAME = "$(TARGET_NAME)";
				SWIFT_EMIT_LOC_STRINGS = YES;
				SWIFT_VERSION = 5.0;
				TARGETED_DEVICE_FAMILY = "1,2";
			};
			name = Release;
		};
		E80DC247292CF230005AF35E /* Debug */ = {
			isa = XCBuildConfiguration;
			baseConfigurationReference = 0631A09CC6F836AEFA292F4E /* Pods-MockLineManTests.debug.xcconfig */;
			buildSettings = {
				ALWAYS_EMBED_SWIFT_STANDARD_LIBRARIES = YES;
				BUNDLE_LOADER = "$(TEST_HOST)";
				CODE_SIGN_STYLE = Automatic;
				CURRENT_PROJECT_VERSION = 1;
				DEVELOPMENT_TEAM = NN8SQ2H3KG;
				GENERATE_INFOPLIST_FILE = YES;
				IPHONEOS_DEPLOYMENT_TARGET = 15.4;
				MARKETING_VERSION = 1.0;
				PRODUCT_BUNDLE_IDENTIFIER = com.ratchata.MockLineManTests;
				PRODUCT_NAME = "$(TARGET_NAME)";
				SWIFT_EMIT_LOC_STRINGS = NO;
				SWIFT_VERSION = 5.0;
				TARGETED_DEVICE_FAMILY = "1,2";
				TEST_HOST = "$(BUILT_PRODUCTS_DIR)/MockLineMan.app/MockLineMan";
			};
			name = Debug;
		};
		E80DC248292CF230005AF35E /* Release */ = {
			isa = XCBuildConfiguration;
			baseConfigurationReference = 228D2B779BA36302AA40F115 /* Pods-MockLineManTests.release.xcconfig */;
			buildSettings = {
				ALWAYS_EMBED_SWIFT_STANDARD_LIBRARIES = YES;
				BUNDLE_LOADER = "$(TEST_HOST)";
				CODE_SIGN_STYLE = Automatic;
				CURRENT_PROJECT_VERSION = 1;
				DEVELOPMENT_TEAM = NN8SQ2H3KG;
				GENERATE_INFOPLIST_FILE = YES;
				IPHONEOS_DEPLOYMENT_TARGET = 15.4;
				MARKETING_VERSION = 1.0;
				PRODUCT_BUNDLE_IDENTIFIER = com.ratchata.MockLineManTests;
				PRODUCT_NAME = "$(TARGET_NAME)";
				SWIFT_EMIT_LOC_STRINGS = NO;
				SWIFT_VERSION = 5.0;
				TARGETED_DEVICE_FAMILY = "1,2";
				TEST_HOST = "$(BUILT_PRODUCTS_DIR)/MockLineMan.app/MockLineMan";
			};
			name = Release;
		};
		E80DC24A292CF230005AF35E /* Debug */ = {
			isa = XCBuildConfiguration;
			baseConfigurationReference = 082D6EAEA68A1250BB6BBA46 /* Pods-MockLineMan-MockLineManUITests.debug.xcconfig */;
			buildSettings = {
				ALWAYS_EMBED_SWIFT_STANDARD_LIBRARIES = YES;
				CODE_SIGN_STYLE = Automatic;
				CURRENT_PROJECT_VERSION = 1;
				DEVELOPMENT_TEAM = NN8SQ2H3KG;
				GENERATE_INFOPLIST_FILE = YES;
				MARKETING_VERSION = 1.0;
				PRODUCT_BUNDLE_IDENTIFIER = com.ratchata.MockLineManUITests;
				PRODUCT_NAME = "$(TARGET_NAME)";
				SWIFT_EMIT_LOC_STRINGS = NO;
				SWIFT_VERSION = 5.0;
				TARGETED_DEVICE_FAMILY = "1,2";
				TEST_TARGET_NAME = MockLineMan;
			};
			name = Debug;
		};
		E80DC24B292CF230005AF35E /* Release */ = {
			isa = XCBuildConfiguration;
			baseConfigurationReference = 1DFBEA4E1C4BFDEA2F60AA17 /* Pods-MockLineMan-MockLineManUITests.release.xcconfig */;
			buildSettings = {
				ALWAYS_EMBED_SWIFT_STANDARD_LIBRARIES = YES;
				CODE_SIGN_STYLE = Automatic;
				CURRENT_PROJECT_VERSION = 1;
				DEVELOPMENT_TEAM = NN8SQ2H3KG;
				GENERATE_INFOPLIST_FILE = YES;
				MARKETING_VERSION = 1.0;
				PRODUCT_BUNDLE_IDENTIFIER = com.ratchata.MockLineManUITests;
				PRODUCT_NAME = "$(TARGET_NAME)";
				SWIFT_EMIT_LOC_STRINGS = NO;
				SWIFT_VERSION = 5.0;
				TARGETED_DEVICE_FAMILY = "1,2";
				TEST_TARGET_NAME = MockLineMan;
			};
			name = Release;
		};
/* End XCBuildConfiguration section */

/* Begin XCConfigurationList section */
		E80DC211292CF22B005AF35E /* Build configuration list for PBXProject "MockLineMan" */ = {
			isa = XCConfigurationList;
			buildConfigurations = (
				E80DC241292CF230005AF35E /* Debug */,
				E80DC242292CF230005AF35E /* Release */,
			);
			defaultConfigurationIsVisible = 0;
			defaultConfigurationName = Release;
		};
		E80DC243292CF230005AF35E /* Build configuration list for PBXNativeTarget "MockLineMan" */ = {
			isa = XCConfigurationList;
			buildConfigurations = (
				E80DC244292CF230005AF35E /* Debug */,
				E80DC245292CF230005AF35E /* Release */,
			);
			defaultConfigurationIsVisible = 0;
			defaultConfigurationName = Release;
		};
		E80DC246292CF230005AF35E /* Build configuration list for PBXNativeTarget "MockLineManTests" */ = {
			isa = XCConfigurationList;
			buildConfigurations = (
				E80DC247292CF230005AF35E /* Debug */,
				E80DC248292CF230005AF35E /* Release */,
			);
			defaultConfigurationIsVisible = 0;
			defaultConfigurationName = Release;
		};
		E80DC249292CF230005AF35E /* Build configuration list for PBXNativeTarget "MockLineManUITests" */ = {
			isa = XCConfigurationList;
			buildConfigurations = (
				E80DC24A292CF230005AF35E /* Debug */,
				E80DC24B292CF230005AF35E /* Release */,
			);
			defaultConfigurationIsVisible = 0;
			defaultConfigurationName = Release;
		};
/* End XCConfigurationList section */

/* Begin XCVersionGroup section */
		E80DC222292CF22B005AF35E /* MockLineMan.xcdatamodeld */ = {
			isa = XCVersionGroup;
			children = (
				E80DC223292CF22B005AF35E /* MockLineMan.xcdatamodel */,
			);
			currentVersion = E80DC223292CF22B005AF35E /* MockLineMan.xcdatamodel */;
			path = MockLineMan.xcdatamodeld;
			sourceTree = "<group>";
			versionGroupType = wrapper.xcdatamodel;
		};
/* End XCVersionGroup section */
	};
	rootObject = E80DC20E292CF22B005AF35E /* Project object */;
}
